// !$*UTF8*$!
{
	archiveVersion = 1;
	classes = {
	};
	objectVersion = 46;
	objects = {

/* Begin PBXBuildFile section */
		3D08F9C71FCF3D2800FA28E2 /* FirstTimeLoadViewController.m in Sources */ = {isa = PBXBuildFile; fileRef = 3D08F9C61FCF3D2800FA28E2 /* FirstTimeLoadViewController.m */; };
		3D0A93BB1FD17AB000274040 /* UserProfile+CoreDataClass.m in Sources */ = {isa = PBXBuildFile; fileRef = 3D0A93B81FD17AB000274040 /* UserProfile+CoreDataClass.m */; };
		3D0A93BC1FD17AB000274040 /* UserProfile+CoreDataProperties.m in Sources */ = {isa = PBXBuildFile; fileRef = 3D0A93BA1FD17AB000274040 /* UserProfile+CoreDataProperties.m */; };
		3D0A93C01FD1D04800274040 /* Main.storyboard in Resources */ = {isa = PBXBuildFile; fileRef = 3D0A93BF1FD1D04800274040 /* Main.storyboard */; };
		3D132ADE1FCDC96E00D89391 /* JBChart.framework in Frameworks */ = {isa = PBXBuildFile; fileRef = 3D132AD51FCDC96C00D89391 /* JBChart.framework */; };
		3D132AE51FCDC96E00D89391 /* JBChartTests.m in Sources */ = {isa = PBXBuildFile; fileRef = 3D132AE41FCDC96E00D89391 /* JBChartTests.m */; };
		3D132AE71FCDC96E00D89391 /* JBChart.h in Headers */ = {isa = PBXBuildFile; fileRef = 3D132AD71FCDC96E00D89391 /* JBChart.h */; settings = {ATTRIBUTES = (Public, ); }; };
		3D132AEA1FCDC96E00D89391 /* JBChart.framework in Frameworks */ = {isa = PBXBuildFile; fileRef = 3D132AD51FCDC96C00D89391 /* JBChart.framework */; };
		3D132AEB1FCDC96E00D89391 /* JBChart.framework in Embed Frameworks */ = {isa = PBXBuildFile; fileRef = 3D132AD51FCDC96C00D89391 /* JBChart.framework */; settings = {ATTRIBUTES = (CodeSignOnCopy, RemoveHeadersOnCopy, ); }; };
		3D132AF61FCDC9D400D89391 /* JBBarChartView.h in Headers */ = {isa = PBXBuildFile; fileRef = 3D132AF41FCDC9D400D89391 /* JBBarChartView.h */; settings = {ATTRIBUTES = (Public, ); }; };
		3D132AF71FCDC9D400D89391 /* JBBarChartView.m in Sources */ = {isa = PBXBuildFile; fileRef = 3D132AF51FCDC9D400D89391 /* JBBarChartView.m */; };
		3D132AFA1FCDC9DE00D89391 /* JBChartView.h in Headers */ = {isa = PBXBuildFile; fileRef = 3D132AF81FCDC9DE00D89391 /* JBChartView.h */; settings = {ATTRIBUTES = (Public, ); }; };
		3D132AFB1FCDC9DE00D89391 /* JBChartView.m in Sources */ = {isa = PBXBuildFile; fileRef = 3D132AF91FCDC9DE00D89391 /* JBChartView.m */; };
		3D132AFE1FCDC9E900D89391 /* JBLineChartView.h in Headers */ = {isa = PBXBuildFile; fileRef = 3D132AFC1FCDC9E900D89391 /* JBLineChartView.h */; settings = {ATTRIBUTES = (Public, ); }; };
		3D132AFF1FCDC9E900D89391 /* JBLineChartView.m in Sources */ = {isa = PBXBuildFile; fileRef = 3D132AFD1FCDC9E900D89391 /* JBLineChartView.m */; };
		3D132B041FCDC9FC00D89391 /* JBLineChartLine.h in Headers */ = {isa = PBXBuildFile; fileRef = 3D132B001FCDC9FC00D89391 /* JBLineChartLine.h */; settings = {ATTRIBUTES = (Public, ); }; };
		3D132B051FCDC9FC00D89391 /* JBLineChartLine.m in Sources */ = {isa = PBXBuildFile; fileRef = 3D132B011FCDC9FC00D89391 /* JBLineChartLine.m */; };
		3D132B061FCDC9FC00D89391 /* JBLineChartPoint.h in Headers */ = {isa = PBXBuildFile; fileRef = 3D132B021FCDC9FC00D89391 /* JBLineChartPoint.h */; settings = {ATTRIBUTES = (Public, ); }; };
		3D132B071FCDC9FC00D89391 /* JBLineChartPoint.m in Sources */ = {isa = PBXBuildFile; fileRef = 3D132B031FCDC9FC00D89391 /* JBLineChartPoint.m */; };
		3D132B0E1FCDCA0D00D89391 /* JBLineChartDotsView.h in Headers */ = {isa = PBXBuildFile; fileRef = 3D132B081FCDCA0D00D89391 /* JBLineChartDotsView.h */; settings = {ATTRIBUTES = (Public, ); }; };
		3D132B0F1FCDCA0D00D89391 /* JBLineChartDotsView.m in Sources */ = {isa = PBXBuildFile; fileRef = 3D132B091FCDCA0D00D89391 /* JBLineChartDotsView.m */; };
		3D132B101FCDCA0D00D89391 /* JBLineChartDotView.h in Headers */ = {isa = PBXBuildFile; fileRef = 3D132B0A1FCDCA0D00D89391 /* JBLineChartDotView.h */; settings = {ATTRIBUTES = (Public, ); }; };
		3D132B111FCDCA0D00D89391 /* JBLineChartDotView.m in Sources */ = {isa = PBXBuildFile; fileRef = 3D132B0B1FCDCA0D00D89391 /* JBLineChartDotView.m */; };
		3D132B121FCDCA0D00D89391 /* JBLineChartLinesView.h in Headers */ = {isa = PBXBuildFile; fileRef = 3D132B0C1FCDCA0D00D89391 /* JBLineChartLinesView.h */; settings = {ATTRIBUTES = (Public, ); }; };
		3D132B131FCDCA0D00D89391 /* JBLineChartLinesView.m in Sources */ = {isa = PBXBuildFile; fileRef = 3D132B0D1FCDCA0D00D89391 /* JBLineChartLinesView.m */; };
		3D132B161FCDCA1C00D89391 /* NSMutableArray+JBStack.h in Headers */ = {isa = PBXBuildFile; fileRef = 3D132B141FCDCA1C00D89391 /* NSMutableArray+JBStack.h */; settings = {ATTRIBUTES = (Public, ); }; };
		3D132B171FCDCA1C00D89391 /* NSMutableArray+JBStack.m in Sources */ = {isa = PBXBuildFile; fileRef = 3D132B151FCDCA1C00D89391 /* NSMutableArray+JBStack.m */; };
		3D132B1A1FCDCA2600D89391 /* JBGradientBarView.h in Headers */ = {isa = PBXBuildFile; fileRef = 3D132B181FCDCA2600D89391 /* JBGradientBarView.h */; settings = {ATTRIBUTES = (Public, ); }; };
		3D132B1B1FCDCA2600D89391 /* JBGradientBarView.m in Sources */ = {isa = PBXBuildFile; fileRef = 3D132B191FCDCA2600D89391 /* JBGradientBarView.m */; };
		3D132B1E1FCDCA3400D89391 /* JBGradientLineLayer.h in Headers */ = {isa = PBXBuildFile; fileRef = 3D132B1C1FCDCA3400D89391 /* JBGradientLineLayer.h */; settings = {ATTRIBUTES = (Public, ); }; };
		3D132B1F1FCDCA3400D89391 /* JBGradientLineLayer.m in Sources */ = {isa = PBXBuildFile; fileRef = 3D132B1D1FCDCA3400D89391 /* JBGradientLineLayer.m */; };
		3D132B221FCDCA4100D89391 /* JBShapeLineLayer.h in Headers */ = {isa = PBXBuildFile; fileRef = 3D132B201FCDCA4100D89391 /* JBShapeLineLayer.h */; settings = {ATTRIBUTES = (Public, ); }; };
		3D132B231FCDCA4100D89391 /* JBShapeLineLayer.m in Sources */ = {isa = PBXBuildFile; fileRef = 3D132B211FCDCA4100D89391 /* JBShapeLineLayer.m */; };
		3D2D3E9E1FCC797F003D0329 /* CoreData.framework in Frameworks */ = {isa = PBXBuildFile; fileRef = 3D2D3E9D1FCC797F003D0329 /* CoreData.framework */; };
		3D2D3EA21FCC7A7C003D0329 /* Core_Data.xcdatamodeld in Sources */ = {isa = PBXBuildFile; fileRef = 3D2D3EA01FCC7A79003D0329 /* Core_Data.xcdatamodeld */; };
		3D38FF451FCDF38F004BC8AA /* WeightGraphController.m in Sources */ = {isa = PBXBuildFile; fileRef = 3D38FF441FCDF38F004BC8AA /* WeightGraphController.m */; };
		3D421D711FC4754D00D781FC /* ActivityGraphViewController.m in Sources */ = {isa = PBXBuildFile; fileRef = 3D421D701FC4754D00D781FC /* ActivityGraphViewController.m */; };
		3D6344D11FCC17B9000611D9 /* FitnessAppLogo(2).jpg in Resources */ = {isa = PBXBuildFile; fileRef = 3D6344D01FCC17B9000611D9 /* FitnessAppLogo(2).jpg */; };
		3D70E4C51FD73C5C006EC364 /* DataMethods.m in Sources */ = {isa = PBXBuildFile; fileRef = 3D70E4C41FD73C5C006EC364 /* DataMethods.m */; };
		3D75B0621FC302E6003D3A5C /* main.m in Sources */ = {isa = PBXBuildFile; fileRef = 3D75B0611FC302E6003D3A5C /* main.m */; };
		3D75B0651FC302E6003D3A5C /* AppDelegate.m in Sources */ = {isa = PBXBuildFile; fileRef = 3D75B0641FC302E6003D3A5C /* AppDelegate.m */; };
		3D75B06D1FC302E6003D3A5C /* Assets.xcassets in Resources */ = {isa = PBXBuildFile; fileRef = 3D75B06C1FC302E6003D3A5C /* Assets.xcassets */; };
		3D75B0701FC302E6003D3A5C /* LaunchScreen.storyboard in Resources */ = {isa = PBXBuildFile; fileRef = 3D75B06E1FC302E6003D3A5C /* LaunchScreen.storyboard */; };
		3D75B07B1FC302E6003D3A5C /* Fitness_TrackerTests.m in Sources */ = {isa = PBXBuildFile; fileRef = 3D75B07A1FC302E6003D3A5C /* Fitness_TrackerTests.m */; };
		3D75B0861FC302E6003D3A5C /* Fitness_TrackerUITests.m in Sources */ = {isa = PBXBuildFile; fileRef = 3D75B0851FC302E6003D3A5C /* Fitness_TrackerUITests.m */; };
		3D92E2751FC6DDBE00E63775 /* AddWeight.m in Sources */ = {isa = PBXBuildFile; fileRef = 3D92E2741FC6DDBE00E63775 /* AddWeight.m */; };
		3DAD831D1FD706A900F1D672 /* UserWeightData+CoreDataClass.m in Sources */ = {isa = PBXBuildFile; fileRef = 3DAD83161FD706A900F1D672 /* UserWeightData+CoreDataClass.m */; };
		3DAD831E1FD706A900F1D672 /* UserWeightData+CoreDataProperties.m in Sources */ = {isa = PBXBuildFile; fileRef = 3DAD83181FD706A900F1D672 /* UserWeightData+CoreDataProperties.m */; };
		3DAD831F1FD706A900F1D672 /* UserActivityData+CoreDataClass.m in Sources */ = {isa = PBXBuildFile; fileRef = 3DAD831A1FD706A900F1D672 /* UserActivityData+CoreDataClass.m */; };
		3DAD83201FD706A900F1D672 /* UserActivityData+CoreDataProperties.m in Sources */ = {isa = PBXBuildFile; fileRef = 3DAD831C1FD706A900F1D672 /* UserActivityData+CoreDataProperties.m */; };
		3DAE42A71FC42B0F002EA8C1 /* ActivityDataModel.m in Sources */ = {isa = PBXBuildFile; fileRef = 3DAE42A61FC42B0F002EA8C1 /* ActivityDataModel.m */; };
		3DAE42AA1FC42CAE002EA8C1 /* ActivityInfo.m in Sources */ = {isa = PBXBuildFile; fileRef = 3DAE42A91FC42CAE002EA8C1 /* ActivityInfo.m */; };
		3DAE42B11FC43008002EA8C1 /* AddActivity.m in Sources */ = {isa = PBXBuildFile; fileRef = 3DAE42B01FC43008002EA8C1 /* AddActivity.m */; };
		3DB5D7281FD5AE6900D09DBB /* 8ccb55af.png in Resources */ = {isa = PBXBuildFile; fileRef = 3DB5D7271FD5AE6900D09DBB /* 8ccb55af.png */; };
		3DE35A8E1FD0757000F68566 /* 40px x 40px in Resources */ = {isa = PBXBuildFile; fileRef = 3DE35A8A1FD0757000F68566 /* 40px x 40px */; };
		3DE35A8F1FD0757000F68566 /* 76px x 76px in Resources */ = {isa = PBXBuildFile; fileRef = 3DE35A8B1FD0757000F68566 /* 76px x 76px */; };
		3DE35A901FD0757000F68566 /* 156px x 156px in Resources */ = {isa = PBXBuildFile; fileRef = 3DE35A8C1FD0757000F68566 /* 156px x 156px */; };
		3DE35A911FD0757000F68566 /* 167px x 167px in Resources */ = {isa = PBXBuildFile; fileRef = 3DE35A8D1FD0757000F68566 /* 167px x 167px */; };
		3DE3A1EA1FC32F90007FDBCA /* Heart_Icon.png in Resources */ = {isa = PBXBuildFile; fileRef = 3DE3A1E91FC32F90007FDBCA /* Heart_Icon.png */; };
		3DE3A1EC1FC3340C007FDBCA /* Location_Icon.png in Resources */ = {isa = PBXBuildFile; fileRef = 3DE3A1EB1FC3340C007FDBCA /* Location_Icon.png */; };
		3DE3A1EE1FC33415007FDBCA /* Adder_Icon.png in Resources */ = {isa = PBXBuildFile; fileRef = 3DE3A1ED1FC33415007FDBCA /* Adder_Icon.png */; };
		3DE3A1F01FC3341E007FDBCA /* Swimming_Icon.png in Resources */ = {isa = PBXBuildFile; fileRef = 3DE3A1EF1FC3341E007FDBCA /* Swimming_Icon.png */; };
		3DE3A1F31FC33824007FDBCA /* AddressBook.framework in Frameworks */ = {isa = PBXBuildFile; fileRef = 3DE3A1F21FC33824007FDBCA /* AddressBook.framework */; };
		3DE3A1F51FC33830007FDBCA /* CoreLocation.framework in Frameworks */ = {isa = PBXBuildFile; fileRef = 3DE3A1F41FC33830007FDBCA /* CoreLocation.framework */; };
		3DE3A1F81FC33A98007FDBCA /* FacilityLocator.m in Sources */ = {isa = PBXBuildFile; fileRef = 3DE3A1F71FC33A98007FDBCA /* FacilityLocator.m */; };
		3DE3A1FA1FC33C89007FDBCA /* MapKit.framework in Frameworks */ = {isa = PBXBuildFile; fileRef = 3DE3A1F91FC33C89007FDBCA /* MapKit.framework */; };
		3DF0C6801FC319D40066D6C5 /* RepCounter.m in Sources */ = {isa = PBXBuildFile; fileRef = 3DF0C67F1FC319D40066D6C5 /* RepCounter.m */; };
/* End PBXBuildFile section */

/* Begin PBXContainerItemProxy section */
		3D132ADF1FCDC96E00D89391 /* PBXContainerItemProxy */ = {
			isa = PBXContainerItemProxy;
			containerPortal = 3D75B0551FC302E6003D3A5C /* Project object */;
			proxyType = 1;
			remoteGlobalIDString = 3D132AD41FCDC96C00D89391;
			remoteInfo = JBChart;
		};
		3D132AE11FCDC96E00D89391 /* PBXContainerItemProxy */ = {
			isa = PBXContainerItemProxy;
			containerPortal = 3D75B0551FC302E6003D3A5C /* Project object */;
			proxyType = 1;
			remoteGlobalIDString = 3D75B05C1FC302E6003D3A5C;
			remoteInfo = "Fitness Tracker";
		};
		3D132AE81FCDC96E00D89391 /* PBXContainerItemProxy */ = {
			isa = PBXContainerItemProxy;
			containerPortal = 3D75B0551FC302E6003D3A5C /* Project object */;
			proxyType = 1;
			remoteGlobalIDString = 3D132AD41FCDC96C00D89391;
			remoteInfo = JBChart;
		};
		3D75B0771FC302E6003D3A5C /* PBXContainerItemProxy */ = {
			isa = PBXContainerItemProxy;
			containerPortal = 3D75B0551FC302E6003D3A5C /* Project object */;
			proxyType = 1;
			remoteGlobalIDString = 3D75B05C1FC302E6003D3A5C;
			remoteInfo = "Fitness Tracker";
		};
		3D75B0821FC302E6003D3A5C /* PBXContainerItemProxy */ = {
			isa = PBXContainerItemProxy;
			containerPortal = 3D75B0551FC302E6003D3A5C /* Project object */;
			proxyType = 1;
			remoteGlobalIDString = 3D75B05C1FC302E6003D3A5C;
			remoteInfo = "Fitness Tracker";
		};
/* End PBXContainerItemProxy section */

/* Begin PBXCopyFilesBuildPhase section */
		3D132AF11FCDC96E00D89391 /* Embed Frameworks */ = {
			isa = PBXCopyFilesBuildPhase;
			buildActionMask = 2147483647;
			dstPath = "";
			dstSubfolderSpec = 10;
			files = (
				3D132AEB1FCDC96E00D89391 /* JBChart.framework in Embed Frameworks */,
			);
			name = "Embed Frameworks";
			runOnlyForDeploymentPostprocessing = 0;
		};
/* End PBXCopyFilesBuildPhase section */

/* Begin PBXFileReference section */
		3D08F9C51FCF3D2800FA28E2 /* FirstTimeLoadViewController.h */ = {isa = PBXFileReference; fileEncoding = 4; lastKnownFileType = sourcecode.c.h; path = FirstTimeLoadViewController.h; sourceTree = "<group>"; };
		3D08F9C61FCF3D2800FA28E2 /* FirstTimeLoadViewController.m */ = {isa = PBXFileReference; fileEncoding = 4; lastKnownFileType = sourcecode.c.objc; path = FirstTimeLoadViewController.m; sourceTree = "<group>"; };
		3D0A93B71FD17AB000274040 /* UserProfile+CoreDataClass.h */ = {isa = PBXFileReference; fileEncoding = 4; lastKnownFileType = sourcecode.c.h; name = "UserProfile+CoreDataClass.h"; path = "../UserProfile+CoreDataClass.h"; sourceTree = "<group>"; };
		3D0A93B81FD17AB000274040 /* UserProfile+CoreDataClass.m */ = {isa = PBXFileReference; fileEncoding = 4; lastKnownFileType = sourcecode.c.objc; name = "UserProfile+CoreDataClass.m"; path = "../UserProfile+CoreDataClass.m"; sourceTree = "<group>"; };
		3D0A93B91FD17AB000274040 /* UserProfile+CoreDataProperties.h */ = {isa = PBXFileReference; fileEncoding = 4; lastKnownFileType = sourcecode.c.h; name = "UserProfile+CoreDataProperties.h"; path = "../UserProfile+CoreDataProperties.h"; sourceTree = "<group>"; };
		3D0A93BA1FD17AB000274040 /* UserProfile+CoreDataProperties.m */ = {isa = PBXFileReference; fileEncoding = 4; lastKnownFileType = sourcecode.c.objc; name = "UserProfile+CoreDataProperties.m"; path = "../UserProfile+CoreDataProperties.m"; sourceTree = "<group>"; };
		3D0A93BF1FD1D04800274040 /* Main.storyboard */ = {isa = PBXFileReference; fileEncoding = 4; lastKnownFileType = file.storyboard; path = Main.storyboard; sourceTree = "<group>"; };
		3D132AD51FCDC96C00D89391 /* JBChart.framework */ = {isa = PBXFileReference; explicitFileType = wrapper.framework; includeInIndex = 0; path = JBChart.framework; sourceTree = BUILT_PRODUCTS_DIR; };
		3D132AD71FCDC96E00D89391 /* JBChart.h */ = {isa = PBXFileReference; lastKnownFileType = sourcecode.c.h; path = JBChart.h; sourceTree = "<group>"; };
		3D132AD81FCDC96E00D89391 /* Info.plist */ = {isa = PBXFileReference; lastKnownFileType = text.plist.xml; path = Info.plist; sourceTree = "<group>"; };
		3D132ADD1FCDC96E00D89391 /* JBChartTests.xctest */ = {isa = PBXFileReference; explicitFileType = wrapper.cfbundle; includeInIndex = 0; path = JBChartTests.xctest; sourceTree = BUILT_PRODUCTS_DIR; };
		3D132AE41FCDC96E00D89391 /* JBChartTests.m */ = {isa = PBXFileReference; lastKnownFileType = sourcecode.c.objc; path = JBChartTests.m; sourceTree = "<group>"; };
		3D132AE61FCDC96E00D89391 /* Info.plist */ = {isa = PBXFileReference; lastKnownFileType = text.plist.xml; path = Info.plist; sourceTree = "<group>"; };
		3D132AF41FCDC9D400D89391 /* JBBarChartView.h */ = {isa = PBXFileReference; fileEncoding = 4; lastKnownFileType = sourcecode.c.h; path = JBBarChartView.h; sourceTree = "<group>"; };
		3D132AF51FCDC9D400D89391 /* JBBarChartView.m */ = {isa = PBXFileReference; fileEncoding = 4; lastKnownFileType = sourcecode.c.objc; path = JBBarChartView.m; sourceTree = "<group>"; };
		3D132AF81FCDC9DE00D89391 /* JBChartView.h */ = {isa = PBXFileReference; fileEncoding = 4; lastKnownFileType = sourcecode.c.h; path = JBChartView.h; sourceTree = "<group>"; };
		3D132AF91FCDC9DE00D89391 /* JBChartView.m */ = {isa = PBXFileReference; fileEncoding = 4; lastKnownFileType = sourcecode.c.objc; path = JBChartView.m; sourceTree = "<group>"; };
		3D132AFC1FCDC9E900D89391 /* JBLineChartView.h */ = {isa = PBXFileReference; fileEncoding = 4; lastKnownFileType = sourcecode.c.h; path = JBLineChartView.h; sourceTree = "<group>"; };
		3D132AFD1FCDC9E900D89391 /* JBLineChartView.m */ = {isa = PBXFileReference; fileEncoding = 4; lastKnownFileType = sourcecode.c.objc; path = JBLineChartView.m; sourceTree = "<group>"; };
		3D132B001FCDC9FC00D89391 /* JBLineChartLine.h */ = {isa = PBXFileReference; fileEncoding = 4; lastKnownFileType = sourcecode.c.h; path = JBLineChartLine.h; sourceTree = "<group>"; };
		3D132B011FCDC9FC00D89391 /* JBLineChartLine.m */ = {isa = PBXFileReference; fileEncoding = 4; lastKnownFileType = sourcecode.c.objc; path = JBLineChartLine.m; sourceTree = "<group>"; };
		3D132B021FCDC9FC00D89391 /* JBLineChartPoint.h */ = {isa = PBXFileReference; fileEncoding = 4; lastKnownFileType = sourcecode.c.h; path = JBLineChartPoint.h; sourceTree = "<group>"; };
		3D132B031FCDC9FC00D89391 /* JBLineChartPoint.m */ = {isa = PBXFileReference; fileEncoding = 4; lastKnownFileType = sourcecode.c.objc; path = JBLineChartPoint.m; sourceTree = "<group>"; };
		3D132B081FCDCA0D00D89391 /* JBLineChartDotsView.h */ = {isa = PBXFileReference; fileEncoding = 4; lastKnownFileType = sourcecode.c.h; path = JBLineChartDotsView.h; sourceTree = "<group>"; };
		3D132B091FCDCA0D00D89391 /* JBLineChartDotsView.m */ = {isa = PBXFileReference; fileEncoding = 4; lastKnownFileType = sourcecode.c.objc; path = JBLineChartDotsView.m; sourceTree = "<group>"; };
		3D132B0A1FCDCA0D00D89391 /* JBLineChartDotView.h */ = {isa = PBXFileReference; fileEncoding = 4; lastKnownFileType = sourcecode.c.h; path = JBLineChartDotView.h; sourceTree = "<group>"; };
		3D132B0B1FCDCA0D00D89391 /* JBLineChartDotView.m */ = {isa = PBXFileReference; fileEncoding = 4; lastKnownFileType = sourcecode.c.objc; path = JBLineChartDotView.m; sourceTree = "<group>"; };
		3D132B0C1FCDCA0D00D89391 /* JBLineChartLinesView.h */ = {isa = PBXFileReference; fileEncoding = 4; lastKnownFileType = sourcecode.c.h; path = JBLineChartLinesView.h; sourceTree = "<group>"; };
		3D132B0D1FCDCA0D00D89391 /* JBLineChartLinesView.m */ = {isa = PBXFileReference; fileEncoding = 4; lastKnownFileType = sourcecode.c.objc; path = JBLineChartLinesView.m; sourceTree = "<group>"; };
		3D132B141FCDCA1C00D89391 /* NSMutableArray+JBStack.h */ = {isa = PBXFileReference; fileEncoding = 4; lastKnownFileType = sourcecode.c.h; path = "NSMutableArray+JBStack.h"; sourceTree = "<group>"; };
		3D132B151FCDCA1C00D89391 /* NSMutableArray+JBStack.m */ = {isa = PBXFileReference; fileEncoding = 4; lastKnownFileType = sourcecode.c.objc; path = "NSMutableArray+JBStack.m"; sourceTree = "<group>"; };
		3D132B181FCDCA2600D89391 /* JBGradientBarView.h */ = {isa = PBXFileReference; fileEncoding = 4; lastKnownFileType = sourcecode.c.h; path = JBGradientBarView.h; sourceTree = "<group>"; };
		3D132B191FCDCA2600D89391 /* JBGradientBarView.m */ = {isa = PBXFileReference; fileEncoding = 4; lastKnownFileType = sourcecode.c.objc; path = JBGradientBarView.m; sourceTree = "<group>"; };
		3D132B1C1FCDCA3400D89391 /* JBGradientLineLayer.h */ = {isa = PBXFileReference; fileEncoding = 4; lastKnownFileType = sourcecode.c.h; path = JBGradientLineLayer.h; sourceTree = "<group>"; };
		3D132B1D1FCDCA3400D89391 /* JBGradientLineLayer.m */ = {isa = PBXFileReference; fileEncoding = 4; lastKnownFileType = sourcecode.c.objc; path = JBGradientLineLayer.m; sourceTree = "<group>"; };
		3D132B201FCDCA4100D89391 /* JBShapeLineLayer.h */ = {isa = PBXFileReference; fileEncoding = 4; lastKnownFileType = sourcecode.c.h; path = JBShapeLineLayer.h; sourceTree = "<group>"; };
		3D132B211FCDCA4100D89391 /* JBShapeLineLayer.m */ = {isa = PBXFileReference; fileEncoding = 4; lastKnownFileType = sourcecode.c.objc; path = JBShapeLineLayer.m; sourceTree = "<group>"; };
		3D2D3E9D1FCC797F003D0329 /* CoreData.framework */ = {isa = PBXFileReference; lastKnownFileType = wrapper.framework; name = CoreData.framework; path = System/Library/Frameworks/CoreData.framework; sourceTree = SDKROOT; };
		3D2D3EA11FCC7A7C003D0329 /* Core_Data.xcdatamodel */ = {isa = PBXFileReference; lastKnownFileType = wrapper.xcdatamodel; path = Core_Data.xcdatamodel; sourceTree = "<group>"; };
		3D38FF431FCDF38F004BC8AA /* WeightGraphController.h */ = {isa = PBXFileReference; fileEncoding = 4; lastKnownFileType = sourcecode.c.h; path = WeightGraphController.h; sourceTree = "<group>"; };
		3D38FF441FCDF38F004BC8AA /* WeightGraphController.m */ = {isa = PBXFileReference; fileEncoding = 4; lastKnownFileType = sourcecode.c.objc; path = WeightGraphController.m; sourceTree = "<group>"; };
		3D421D6F1FC4754D00D781FC /* ActivityGraphViewController.h */ = {isa = PBXFileReference; fileEncoding = 4; lastKnownFileType = sourcecode.c.h; path = ActivityGraphViewController.h; sourceTree = "<group>"; };
		3D421D701FC4754D00D781FC /* ActivityGraphViewController.m */ = {isa = PBXFileReference; fileEncoding = 4; lastKnownFileType = sourcecode.c.objc; path = ActivityGraphViewController.m; sourceTree = "<group>"; };
		3D6344D01FCC17B9000611D9 /* FitnessAppLogo(2).jpg */ = {isa = PBXFileReference; lastKnownFileType = image.jpeg; path = "FitnessAppLogo(2).jpg"; sourceTree = "<group>"; };
		3D70E4C31FD73C5C006EC364 /* DataMethods.h */ = {isa = PBXFileReference; fileEncoding = 4; lastKnownFileType = sourcecode.c.h; path = DataMethods.h; sourceTree = "<group>"; };
		3D70E4C41FD73C5C006EC364 /* DataMethods.m */ = {isa = PBXFileReference; fileEncoding = 4; lastKnownFileType = sourcecode.c.objc; path = DataMethods.m; sourceTree = "<group>"; };
		3D75B05D1FC302E6003D3A5C /* Fitness Tracker.app */ = {isa = PBXFileReference; explicitFileType = wrapper.application; includeInIndex = 0; path = "Fitness Tracker.app"; sourceTree = BUILT_PRODUCTS_DIR; };
		3D75B0611FC302E6003D3A5C /* main.m */ = {isa = PBXFileReference; lastKnownFileType = sourcecode.c.objc; path = main.m; sourceTree = "<group>"; };
		3D75B0631FC302E6003D3A5C /* AppDelegate.h */ = {isa = PBXFileReference; lastKnownFileType = sourcecode.c.h; path = AppDelegate.h; sourceTree = "<group>"; };
		3D75B0641FC302E6003D3A5C /* AppDelegate.m */ = {isa = PBXFileReference; lastKnownFileType = sourcecode.c.objc; path = AppDelegate.m; sourceTree = "<group>"; };
		3D75B06C1FC302E6003D3A5C /* Assets.xcassets */ = {isa = PBXFileReference; lastKnownFileType = folder.assetcatalog; path = Assets.xcassets; sourceTree = "<group>"; };
		3D75B06F1FC302E6003D3A5C /* Base */ = {isa = PBXFileReference; lastKnownFileType = file.storyboard; name = Base; path = Base.lproj/LaunchScreen.storyboard; sourceTree = "<group>"; };
		3D75B0711FC302E6003D3A5C /* Info.plist */ = {isa = PBXFileReference; lastKnownFileType = text.plist.xml; path = Info.plist; sourceTree = "<group>"; };
		3D75B0761FC302E6003D3A5C /* Fitness TrackerTests.xctest */ = {isa = PBXFileReference; explicitFileType = wrapper.cfbundle; includeInIndex = 0; path = "Fitness TrackerTests.xctest"; sourceTree = BUILT_PRODUCTS_DIR; };
		3D75B07A1FC302E6003D3A5C /* Fitness_TrackerTests.m */ = {isa = PBXFileReference; lastKnownFileType = sourcecode.c.objc; path = Fitness_TrackerTests.m; sourceTree = "<group>"; };
		3D75B07C1FC302E6003D3A5C /* Info.plist */ = {isa = PBXFileReference; lastKnownFileType = text.plist.xml; path = Info.plist; sourceTree = "<group>"; };
		3D75B0811FC302E6003D3A5C /* Fitness TrackerUITests.xctest */ = {isa = PBXFileReference; explicitFileType = wrapper.cfbundle; includeInIndex = 0; path = "Fitness TrackerUITests.xctest"; sourceTree = BUILT_PRODUCTS_DIR; };
		3D75B0851FC302E6003D3A5C /* Fitness_TrackerUITests.m */ = {isa = PBXFileReference; lastKnownFileType = sourcecode.c.objc; path = Fitness_TrackerUITests.m; sourceTree = "<group>"; };
		3D75B0871FC302E7003D3A5C /* Info.plist */ = {isa = PBXFileReference; lastKnownFileType = text.plist.xml; path = Info.plist; sourceTree = "<group>"; };
		3D92E2731FC6DDBE00E63775 /* AddWeight.h */ = {isa = PBXFileReference; fileEncoding = 4; lastKnownFileType = sourcecode.c.h; path = AddWeight.h; sourceTree = "<group>"; };
		3D92E2741FC6DDBE00E63775 /* AddWeight.m */ = {isa = PBXFileReference; fileEncoding = 4; lastKnownFileType = sourcecode.c.objc; path = AddWeight.m; sourceTree = "<group>"; };
		3DAD83151FD706A900F1D672 /* UserWeightData+CoreDataClass.h */ = {isa = PBXFileReference; fileEncoding = 4; lastKnownFileType = sourcecode.c.h; name = "UserWeightData+CoreDataClass.h"; path = "../UserWeightData+CoreDataClass.h"; sourceTree = "<group>"; };
		3DAD83161FD706A900F1D672 /* UserWeightData+CoreDataClass.m */ = {isa = PBXFileReference; fileEncoding = 4; lastKnownFileType = sourcecode.c.objc; name = "UserWeightData+CoreDataClass.m"; path = "../UserWeightData+CoreDataClass.m"; sourceTree = "<group>"; };
		3DAD83171FD706A900F1D672 /* UserWeightData+CoreDataProperties.h */ = {isa = PBXFileReference; fileEncoding = 4; lastKnownFileType = sourcecode.c.h; name = "UserWeightData+CoreDataProperties.h"; path = "../UserWeightData+CoreDataProperties.h"; sourceTree = "<group>"; };
		3DAD83181FD706A900F1D672 /* UserWeightData+CoreDataProperties.m */ = {isa = PBXFileReference; fileEncoding = 4; lastKnownFileType = sourcecode.c.objc; name = "UserWeightData+CoreDataProperties.m"; path = "../UserWeightData+CoreDataProperties.m"; sourceTree = "<group>"; };
		3DAD83191FD706A900F1D672 /* UserActivityData+CoreDataClass.h */ = {isa = PBXFileReference; fileEncoding = 4; lastKnownFileType = sourcecode.c.h; name = "UserActivityData+CoreDataClass.h"; path = "../UserActivityData+CoreDataClass.h"; sourceTree = "<group>"; };
		3DAD831A1FD706A900F1D672 /* UserActivityData+CoreDataClass.m */ = {isa = PBXFileReference; fileEncoding = 4; lastKnownFileType = sourcecode.c.objc; name = "UserActivityData+CoreDataClass.m"; path = "../UserActivityData+CoreDataClass.m"; sourceTree = "<group>"; };
		3DAD831B1FD706A900F1D672 /* UserActivityData+CoreDataProperties.h */ = {isa = PBXFileReference; fileEncoding = 4; lastKnownFileType = sourcecode.c.h; name = "UserActivityData+CoreDataProperties.h"; path = "../UserActivityData+CoreDataProperties.h"; sourceTree = "<group>"; };
		3DAD831C1FD706A900F1D672 /* UserActivityData+CoreDataProperties.m */ = {isa = PBXFileReference; fileEncoding = 4; lastKnownFileType = sourcecode.c.objc; name = "UserActivityData+CoreDataProperties.m"; path = "../UserActivityData+CoreDataProperties.m"; sourceTree = "<group>"; };
		3DAE42A51FC42B0F002EA8C1 /* ActivityDataModel.h */ = {isa = PBXFileReference; fileEncoding = 4; lastKnownFileType = sourcecode.c.h; path = ActivityDataModel.h; sourceTree = "<group>"; };
		3DAE42A61FC42B0F002EA8C1 /* ActivityDataModel.m */ = {isa = PBXFileReference; fileEncoding = 4; lastKnownFileType = sourcecode.c.objc; path = ActivityDataModel.m; sourceTree = "<group>"; };
		3DAE42A81FC42CAE002EA8C1 /* ActivityInfo.h */ = {isa = PBXFileReference; fileEncoding = 4; lastKnownFileType = sourcecode.c.h; path = ActivityInfo.h; sourceTree = "<group>"; };
		3DAE42A91FC42CAE002EA8C1 /* ActivityInfo.m */ = {isa = PBXFileReference; fileEncoding = 4; lastKnownFileType = sourcecode.c.objc; path = ActivityInfo.m; sourceTree = "<group>"; };
		3DAE42AF1FC43008002EA8C1 /* AddActivity.h */ = {isa = PBXFileReference; fileEncoding = 4; lastKnownFileType = sourcecode.c.h; path = AddActivity.h; sourceTree = "<group>"; };
		3DAE42B01FC43008002EA8C1 /* AddActivity.m */ = {isa = PBXFileReference; fileEncoding = 4; lastKnownFileType = sourcecode.c.objc; path = AddActivity.m; sourceTree = "<group>"; };
		3DB5D7271FD5AE6900D09DBB /* 8ccb55af.png */ = {isa = PBXFileReference; lastKnownFileType = image.png; path = 8ccb55af.png; sourceTree = "<group>"; };
		3DE35A8A1FD0757000F68566 /* 40px x 40px */ = {isa = PBXFileReference; lastKnownFileType = folder; path = "40px x 40px"; sourceTree = "<group>"; };
		3DE35A8B1FD0757000F68566 /* 76px x 76px */ = {isa = PBXFileReference; lastKnownFileType = folder; path = "76px x 76px"; sourceTree = "<group>"; };
		3DE35A8C1FD0757000F68566 /* 156px x 156px */ = {isa = PBXFileReference; lastKnownFileType = folder; path = "156px x 156px"; sourceTree = "<group>"; };
		3DE35A8D1FD0757000F68566 /* 167px x 167px */ = {isa = PBXFileReference; lastKnownFileType = folder; path = "167px x 167px"; sourceTree = "<group>"; };
		3DE3A1E91FC32F90007FDBCA /* Heart_Icon.png */ = {isa = PBXFileReference; lastKnownFileType = image.png; path = Heart_Icon.png; sourceTree = "<group>"; };
		3DE3A1EB1FC3340C007FDBCA /* Location_Icon.png */ = {isa = PBXFileReference; lastKnownFileType = image.png; path = Location_Icon.png; sourceTree = "<group>"; };
		3DE3A1ED1FC33415007FDBCA /* Adder_Icon.png */ = {isa = PBXFileReference; lastKnownFileType = image.png; path = Adder_Icon.png; sourceTree = "<group>"; };
		3DE3A1EF1FC3341E007FDBCA /* Swimming_Icon.png */ = {isa = PBXFileReference; lastKnownFileType = image.png; path = Swimming_Icon.png; sourceTree = "<group>"; };
		3DE3A1F21FC33824007FDBCA /* AddressBook.framework */ = {isa = PBXFileReference; lastKnownFileType = wrapper.framework; name = AddressBook.framework; path = System/Library/Frameworks/AddressBook.framework; sourceTree = SDKROOT; };
		3DE3A1F41FC33830007FDBCA /* CoreLocation.framework */ = {isa = PBXFileReference; lastKnownFileType = wrapper.framework; name = CoreLocation.framework; path = System/Library/Frameworks/CoreLocation.framework; sourceTree = SDKROOT; };
		3DE3A1F61FC33A98007FDBCA /* FacilityLocator.h */ = {isa = PBXFileReference; fileEncoding = 4; lastKnownFileType = sourcecode.c.h; path = FacilityLocator.h; sourceTree = "<group>"; };
		3DE3A1F71FC33A98007FDBCA /* FacilityLocator.m */ = {isa = PBXFileReference; fileEncoding = 4; lastKnownFileType = sourcecode.c.objc; path = FacilityLocator.m; sourceTree = "<group>"; };
		3DE3A1F91FC33C89007FDBCA /* MapKit.framework */ = {isa = PBXFileReference; lastKnownFileType = wrapper.framework; name = MapKit.framework; path = System/Library/Frameworks/MapKit.framework; sourceTree = SDKROOT; };
		3DF0C67E1FC319D40066D6C5 /* RepCounter.h */ = {isa = PBXFileReference; fileEncoding = 4; lastKnownFileType = sourcecode.c.h; name = RepCounter.h; path = ../RepCounter.h; sourceTree = "<group>"; };
		3DF0C67F1FC319D40066D6C5 /* RepCounter.m */ = {isa = PBXFileReference; fileEncoding = 4; lastKnownFileType = sourcecode.c.objc; name = RepCounter.m; path = ../RepCounter.m; sourceTree = "<group>"; };
/* End PBXFileReference section */

/* Begin PBXFrameworksBuildPhase section */
		3D132AD11FCDC96C00D89391 /* Frameworks */ = {
			isa = PBXFrameworksBuildPhase;
			buildActionMask = 2147483647;
			files = (
			);
			runOnlyForDeploymentPostprocessing = 0;
		};
		3D132ADA1FCDC96E00D89391 /* Frameworks */ = {
			isa = PBXFrameworksBuildPhase;
			buildActionMask = 2147483647;
			files = (
				3D132ADE1FCDC96E00D89391 /* JBChart.framework in Frameworks */,
			);
			runOnlyForDeploymentPostprocessing = 0;
		};
		3D75B05A1FC302E6003D3A5C /* Frameworks */ = {
			isa = PBXFrameworksBuildPhase;
			buildActionMask = 2147483647;
			files = (
				3D2D3E9E1FCC797F003D0329 /* CoreData.framework in Frameworks */,
				3DE3A1FA1FC33C89007FDBCA /* MapKit.framework in Frameworks */,
				3DE3A1F51FC33830007FDBCA /* CoreLocation.framework in Frameworks */,
				3D132AEA1FCDC96E00D89391 /* JBChart.framework in Frameworks */,
				3DE3A1F31FC33824007FDBCA /* AddressBook.framework in Frameworks */,
			);
			runOnlyForDeploymentPostprocessing = 0;
		};
		3D75B0731FC302E6003D3A5C /* Frameworks */ = {
			isa = PBXFrameworksBuildPhase;
			buildActionMask = 2147483647;
			files = (
			);
			runOnlyForDeploymentPostprocessing = 0;
		};
		3D75B07E1FC302E6003D3A5C /* Frameworks */ = {
			isa = PBXFrameworksBuildPhase;
			buildActionMask = 2147483647;
			files = (
			);
			runOnlyForDeploymentPostprocessing = 0;
		};
/* End PBXFrameworksBuildPhase section */

/* Begin PBXGroup section */
		3D08F9C21FCF3B7800FA28E2 /* Weight Monitoring Tab */ = {
			isa = PBXGroup;
			children = (
				3D38FF431FCDF38F004BC8AA /* WeightGraphController.h */,
				3D38FF441FCDF38F004BC8AA /* WeightGraphController.m */,
				3D92E2731FC6DDBE00E63775 /* AddWeight.h */,
				3D92E2741FC6DDBE00E63775 /* AddWeight.m */,
			);
			name = "Weight Monitoring Tab";
			sourceTree = "<group>";
		};
		3D08F9C31FCF3BA200FA28E2 /* Rep Tab */ = {
			isa = PBXGroup;
			children = (
				3DF0C67E1FC319D40066D6C5 /* RepCounter.h */,
				3DF0C67F1FC319D40066D6C5 /* RepCounter.m */,
			);
			name = "Rep Tab";
			sourceTree = "<group>";
		};
		3D08F9C41FCF3BB100FA28E2 /* Activity Monitoring Tab */ = {
			isa = PBXGroup;
			children = (
				3D421D6F1FC4754D00D781FC /* ActivityGraphViewController.h */,
				3D421D701FC4754D00D781FC /* ActivityGraphViewController.m */,
				3DAE42AF1FC43008002EA8C1 /* AddActivity.h */,
				3DAE42B01FC43008002EA8C1 /* AddActivity.m */,
				3DAE42AB1FC42CBE002EA8C1 /* ActivityInformation */,
			);
			name = "Activity Monitoring Tab";
			sourceTree = "<group>";
		};
		3D0A93B61FD179E700274040 /* Core Date Files */ = {
			isa = PBXGroup;
			children = (
				3DAD83211FD706BC00F1D672 /* User Profile */,
				3DAD83221FD706D300F1D672 /* Weight Data */,
				3DAD83231FD706ED00F1D672 /* Activity Data */,
				3D2D3EA01FCC7A79003D0329 /* Core_Data.xcdatamodeld */,
				3D70E4C31FD73C5C006EC364 /* DataMethods.h */,
				3D70E4C41FD73C5C006EC364 /* DataMethods.m */,
			);
			name = "Core Date Files";
			sourceTree = "<group>";
		};
		3D132AD61FCDC96C00D89391 /* JBChart */ = {
			isa = PBXGroup;
			children = (
				3D132AD71FCDC96E00D89391 /* JBChart.h */,
				3D132AF31FCDC97A00D89391 /* Classes */,
				3D132AD81FCDC96E00D89391 /* Info.plist */,
			);
			path = JBChart;
			sourceTree = "<group>";
		};
		3D132AE31FCDC96E00D89391 /* JBChartTests */ = {
			isa = PBXGroup;
			children = (
				3D132AE41FCDC96E00D89391 /* JBChartTests.m */,
				3D132AE61FCDC96E00D89391 /* Info.plist */,
			);
			path = JBChartTests;
			sourceTree = "<group>";
		};
		3D132AF31FCDC97A00D89391 /* Classes */ = {
			isa = PBXGroup;
			children = (
				3D132AF41FCDC9D400D89391 /* JBBarChartView.h */,
				3D132AF51FCDC9D400D89391 /* JBBarChartView.m */,
				3D132AF81FCDC9DE00D89391 /* JBChartView.h */,
				3D132AF91FCDC9DE00D89391 /* JBChartView.m */,
				3D132AFC1FCDC9E900D89391 /* JBLineChartView.h */,
				3D132AFD1FCDC9E900D89391 /* JBLineChartView.m */,
				3D132B001FCDC9FC00D89391 /* JBLineChartLine.h */,
				3D132B011FCDC9FC00D89391 /* JBLineChartLine.m */,
				3D132B021FCDC9FC00D89391 /* JBLineChartPoint.h */,
				3D132B031FCDC9FC00D89391 /* JBLineChartPoint.m */,
				3D132B081FCDCA0D00D89391 /* JBLineChartDotsView.h */,
				3D132B091FCDCA0D00D89391 /* JBLineChartDotsView.m */,
				3D132B0A1FCDCA0D00D89391 /* JBLineChartDotView.h */,
				3D132B0B1FCDCA0D00D89391 /* JBLineChartDotView.m */,
				3D132B0C1FCDCA0D00D89391 /* JBLineChartLinesView.h */,
				3D132B0D1FCDCA0D00D89391 /* JBLineChartLinesView.m */,
				3D132B141FCDCA1C00D89391 /* NSMutableArray+JBStack.h */,
				3D132B151FCDCA1C00D89391 /* NSMutableArray+JBStack.m */,
				3D132B181FCDCA2600D89391 /* JBGradientBarView.h */,
				3D132B191FCDCA2600D89391 /* JBGradientBarView.m */,
				3D132B1C1FCDCA3400D89391 /* JBGradientLineLayer.h */,
				3D132B1D1FCDCA3400D89391 /* JBGradientLineLayer.m */,
				3D132B201FCDCA4100D89391 /* JBShapeLineLayer.h */,
				3D132B211FCDCA4100D89391 /* JBShapeLineLayer.m */,
			);
			name = Classes;
			sourceTree = "<group>";
		};
		3D2D3E9F1FCC7A33003D0329 /* Resources */ = {
			isa = PBXGroup;
			children = (
			);
			name = Resources;
			path = "Fitness Tracker";
			sourceTree = "<group>";
		};
		3D75B0541FC302E6003D3A5C = {
			isa = PBXGroup;
			children = (
				3D75B05F1FC302E6003D3A5C /* Fitness Tracker */,
				3D2D3E9F1FCC7A33003D0329 /* Resources */,
				3D75B0791FC302E6003D3A5C /* Fitness TrackerTests */,
				3D75B0841FC302E6003D3A5C /* Fitness TrackerUITests */,
				3D132AD61FCDC96C00D89391 /* JBChart */,
				3D132AE31FCDC96E00D89391 /* JBChartTests */,
				3D75B05E1FC302E6003D3A5C /* Products */,
				3DE3A1F11FC33824007FDBCA /* Frameworks */,
			);
			sourceTree = "<group>";
		};
		3D75B05E1FC302E6003D3A5C /* Products */ = {
			isa = PBXGroup;
			children = (
				3D75B05D1FC302E6003D3A5C /* Fitness Tracker.app */,
				3D75B0761FC302E6003D3A5C /* Fitness TrackerTests.xctest */,
				3D75B0811FC302E6003D3A5C /* Fitness TrackerUITests.xctest */,
				3D132AD51FCDC96C00D89391 /* JBChart.framework */,
				3D132ADD1FCDC96E00D89391 /* JBChartTests.xctest */,
			);
			name = Products;
			sourceTree = "<group>";
		};
		3D75B05F1FC302E6003D3A5C /* Fitness Tracker */ = {
			isa = PBXGroup;
			children = (
				3D75B0931FC3058F003D3A5C /* Images */,
				3D0A93B61FD179E700274040 /* Core Date Files */,
				3D75B0641FC302E6003D3A5C /* AppDelegate.m */,
				3D75B0631FC302E6003D3A5C /* AppDelegate.h */,
				3D08F9C61FCF3D2800FA28E2 /* FirstTimeLoadViewController.m */,
				3D08F9C51FCF3D2800FA28E2 /* FirstTimeLoadViewController.h */,
				3D08F9C41FCF3BB100FA28E2 /* Activity Monitoring Tab */,
				3D08F9C21FCF3B7800FA28E2 /* Weight Monitoring Tab */,
				3D08F9C31FCF3BA200FA28E2 /* Rep Tab */,
				3DAFE9841FC8579300CF27C3 /* Map Tab */,
				3D75B06C1FC302E6003D3A5C /* Assets.xcassets */,
				3D0A93BF1FD1D04800274040 /* Main.storyboard */,
				3D75B06E1FC302E6003D3A5C /* LaunchScreen.storyboard */,
				3D75B0601FC302E6003D3A5C /* Supporting Files */,
			);
			path = "Fitness Tracker";
			sourceTree = "<group>";
		};
		3D75B0601FC302E6003D3A5C /* Supporting Files */ = {
			isa = PBXGroup;
			children = (
				3D75B0711FC302E6003D3A5C /* Info.plist */,
				3D75B0611FC302E6003D3A5C /* main.m */,
			);
			name = "Supporting Files";
			sourceTree = "<group>";
		};
		3D75B0791FC302E6003D3A5C /* Fitness TrackerTests */ = {
			isa = PBXGroup;
			children = (
				3D75B07A1FC302E6003D3A5C /* Fitness_TrackerTests.m */,
				3D75B07C1FC302E6003D3A5C /* Info.plist */,
			);
			path = "Fitness TrackerTests";
			sourceTree = "<group>";
		};
		3D75B0841FC302E6003D3A5C /* Fitness TrackerUITests */ = {
			isa = PBXGroup;
			children = (
				3D75B0851FC302E6003D3A5C /* Fitness_TrackerUITests.m */,
				3D75B0871FC302E7003D3A5C /* Info.plist */,
			);
			path = "Fitness TrackerUITests";
			sourceTree = "<group>";
		};
		3D75B0931FC3058F003D3A5C /* Images */ = {
			isa = PBXGroup;
			children = (
				3D6344D01FCC17B9000611D9 /* FitnessAppLogo(2).jpg */,
				3DE35A891FD0753600F68566 /* Application Home Icons */,
				3D75B0941FC3059A003D3A5C /* Icons */,
			);
			name = Images;
			sourceTree = "<group>";
		};
		3D75B0941FC3059A003D3A5C /* Icons */ = {
			isa = PBXGroup;
			children = (
				3DE3A1EB1FC3340C007FDBCA /* Location_Icon.png */,
				3DE3A1E91FC32F90007FDBCA /* Heart_Icon.png */,
				3DE3A1ED1FC33415007FDBCA /* Adder_Icon.png */,
				3DE3A1EF1FC3341E007FDBCA /* Swimming_Icon.png */,
				3DB5D7271FD5AE6900D09DBB /* 8ccb55af.png */,
			);
			name = Icons;
			sourceTree = "<group>";
		};
		3DAD83211FD706BC00F1D672 /* User Profile */ = {
			isa = PBXGroup;
			children = (
				3D0A93B71FD17AB000274040 /* UserProfile+CoreDataClass.h */,
				3D0A93B81FD17AB000274040 /* UserProfile+CoreDataClass.m */,
				3D0A93B91FD17AB000274040 /* UserProfile+CoreDataProperties.h */,
				3D0A93BA1FD17AB000274040 /* UserProfile+CoreDataProperties.m */,
			);
			name = "User Profile";
			sourceTree = "<group>";
		};
		3DAD83221FD706D300F1D672 /* Weight Data */ = {
			isa = PBXGroup;
			children = (
				3DAD83151FD706A900F1D672 /* UserWeightData+CoreDataClass.h */,
				3DAD83161FD706A900F1D672 /* UserWeightData+CoreDataClass.m */,
				3DAD83171FD706A900F1D672 /* UserWeightData+CoreDataProperties.h */,
				3DAD83181FD706A900F1D672 /* UserWeightData+CoreDataProperties.m */,
			);
			name = "Weight Data";
			sourceTree = "<group>";
		};
		3DAD83231FD706ED00F1D672 /* Activity Data */ = {
			isa = PBXGroup;
			children = (
				3DAD83191FD706A900F1D672 /* UserActivityData+CoreDataClass.h */,
				3DAD831A1FD706A900F1D672 /* UserActivityData+CoreDataClass.m */,
				3DAD831B1FD706A900F1D672 /* UserActivityData+CoreDataProperties.h */,
				3DAD831C1FD706A900F1D672 /* UserActivityData+CoreDataProperties.m */,
			);
			name = "Activity Data";
			sourceTree = "<group>";
		};
		3DAE42AB1FC42CBE002EA8C1 /* ActivityInformation */ = {
			isa = PBXGroup;
			children = (
				3DAE42A81FC42CAE002EA8C1 /* ActivityInfo.h */,
				3DAE42A91FC42CAE002EA8C1 /* ActivityInfo.m */,
				3DAE42A51FC42B0F002EA8C1 /* ActivityDataModel.h */,
				3DAE42A61FC42B0F002EA8C1 /* ActivityDataModel.m */,
			);
			name = ActivityInformation;
			sourceTree = "<group>";
		};
		3DAFE9841FC8579300CF27C3 /* Map Tab */ = {
			isa = PBXGroup;
			children = (
				3DE3A1F61FC33A98007FDBCA /* FacilityLocator.h */,
				3DE3A1F71FC33A98007FDBCA /* FacilityLocator.m */,
			);
			name = "Map Tab";
			sourceTree = "<group>";
		};
		3DE35A891FD0753600F68566 /* Application Home Icons */ = {
			isa = PBXGroup;
			children = (
				3DE35A8A1FD0757000F68566 /* 40px x 40px */,
				3DE35A8B1FD0757000F68566 /* 76px x 76px */,
				3DE35A8C1FD0757000F68566 /* 156px x 156px */,
				3DE35A8D1FD0757000F68566 /* 167px x 167px */,
			);
			name = "Application Home Icons";
			sourceTree = "<group>";
		};
		3DE3A1F11FC33824007FDBCA /* Frameworks */ = {
			isa = PBXGroup;
			children = (
				3D2D3E9D1FCC797F003D0329 /* CoreData.framework */,
				3DE3A1F91FC33C89007FDBCA /* MapKit.framework */,
				3DE3A1F41FC33830007FDBCA /* CoreLocation.framework */,
				3DE3A1F21FC33824007FDBCA /* AddressBook.framework */,
			);
			name = Frameworks;
			sourceTree = "<group>";
		};
/* End PBXGroup section */

/* Begin PBXHeadersBuildPhase section */
		3D132AD21FCDC96C00D89391 /* Headers */ = {
			isa = PBXHeadersBuildPhase;
			buildActionMask = 2147483647;
			files = (
				3D132B061FCDC9FC00D89391 /* JBLineChartPoint.h in Headers */,
				3D132B221FCDCA4100D89391 /* JBShapeLineLayer.h in Headers */,
				3D132B041FCDC9FC00D89391 /* JBLineChartLine.h in Headers */,
				3D132B1E1FCDCA3400D89391 /* JBGradientLineLayer.h in Headers */,
				3D132B101FCDCA0D00D89391 /* JBLineChartDotView.h in Headers */,
				3D132AFE1FCDC9E900D89391 /* JBLineChartView.h in Headers */,
				3D132AF61FCDC9D400D89391 /* JBBarChartView.h in Headers */,
				3D132B0E1FCDCA0D00D89391 /* JBLineChartDotsView.h in Headers */,
				3D132B121FCDCA0D00D89391 /* JBLineChartLinesView.h in Headers */,
				3D132B161FCDCA1C00D89391 /* NSMutableArray+JBStack.h in Headers */,
				3D132AFA1FCDC9DE00D89391 /* JBChartView.h in Headers */,
				3D132AE71FCDC96E00D89391 /* JBChart.h in Headers */,
				3D132B1A1FCDCA2600D89391 /* JBGradientBarView.h in Headers */,
			);
			runOnlyForDeploymentPostprocessing = 0;
		};
/* End PBXHeadersBuildPhase section */

/* Begin PBXNativeTarget section */
		3D132AD41FCDC96C00D89391 /* JBChart */ = {
			isa = PBXNativeTarget;
			buildConfigurationList = 3D132AF01FCDC96E00D89391 /* Build configuration list for PBXNativeTarget "JBChart" */;
			buildPhases = (
				3D132AD01FCDC96C00D89391 /* Sources */,
				3D132AD11FCDC96C00D89391 /* Frameworks */,
				3D132AD21FCDC96C00D89391 /* Headers */,
				3D132AD31FCDC96C00D89391 /* Resources */,
			);
			buildRules = (
			);
			dependencies = (
			);
			name = JBChart;
			productName = JBChart;
			productReference = 3D132AD51FCDC96C00D89391 /* JBChart.framework */;
			productType = "com.apple.product-type.framework";
		};
		3D132ADC1FCDC96E00D89391 /* JBChartTests */ = {
			isa = PBXNativeTarget;
			buildConfigurationList = 3D132AF21FCDC96E00D89391 /* Build configuration list for PBXNativeTarget "JBChartTests" */;
			buildPhases = (
				3D132AD91FCDC96E00D89391 /* Sources */,
				3D132ADA1FCDC96E00D89391 /* Frameworks */,
				3D132ADB1FCDC96E00D89391 /* Resources */,
			);
			buildRules = (
			);
			dependencies = (
				3D132AE01FCDC96E00D89391 /* PBXTargetDependency */,
				3D132AE21FCDC96E00D89391 /* PBXTargetDependency */,
			);
			name = JBChartTests;
			productName = JBChartTests;
			productReference = 3D132ADD1FCDC96E00D89391 /* JBChartTests.xctest */;
			productType = "com.apple.product-type.bundle.unit-test";
		};
		3D75B05C1FC302E6003D3A5C /* Fitness Tracker */ = {
			isa = PBXNativeTarget;
			buildConfigurationList = 3D75B08A1FC302E7003D3A5C /* Build configuration list for PBXNativeTarget "Fitness Tracker" */;
			buildPhases = (
				3D75B0591FC302E6003D3A5C /* Sources */,
				3D75B05A1FC302E6003D3A5C /* Frameworks */,
				3D75B05B1FC302E6003D3A5C /* Resources */,
				3D132AF11FCDC96E00D89391 /* Embed Frameworks */,
			);
			buildRules = (
			);
			dependencies = (
				3D132AE91FCDC96E00D89391 /* PBXTargetDependency */,
			);
			name = "Fitness Tracker";
			productName = "Fitness Tracker";
			productReference = 3D75B05D1FC302E6003D3A5C /* Fitness Tracker.app */;
			productType = "com.apple.product-type.application";
		};
		3D75B0751FC302E6003D3A5C /* Fitness TrackerTests */ = {
			isa = PBXNativeTarget;
			buildConfigurationList = 3D75B08D1FC302E7003D3A5C /* Build configuration list for PBXNativeTarget "Fitness TrackerTests" */;
			buildPhases = (
				3D75B0721FC302E6003D3A5C /* Sources */,
				3D75B0731FC302E6003D3A5C /* Frameworks */,
				3D75B0741FC302E6003D3A5C /* Resources */,
			);
			buildRules = (
			);
			dependencies = (
				3D75B0781FC302E6003D3A5C /* PBXTargetDependency */,
			);
			name = "Fitness TrackerTests";
			productName = "Fitness TrackerTests";
			productReference = 3D75B0761FC302E6003D3A5C /* Fitness TrackerTests.xctest */;
			productType = "com.apple.product-type.bundle.unit-test";
		};
		3D75B0801FC302E6003D3A5C /* Fitness TrackerUITests */ = {
			isa = PBXNativeTarget;
			buildConfigurationList = 3D75B0901FC302E7003D3A5C /* Build configuration list for PBXNativeTarget "Fitness TrackerUITests" */;
			buildPhases = (
				3D75B07D1FC302E6003D3A5C /* Sources */,
				3D75B07E1FC302E6003D3A5C /* Frameworks */,
				3D75B07F1FC302E6003D3A5C /* Resources */,
			);
			buildRules = (
			);
			dependencies = (
				3D75B0831FC302E6003D3A5C /* PBXTargetDependency */,
			);
			name = "Fitness TrackerUITests";
			productName = "Fitness TrackerUITests";
			productReference = 3D75B0811FC302E6003D3A5C /* Fitness TrackerUITests.xctest */;
			productType = "com.apple.product-type.bundle.ui-testing";
		};
/* End PBXNativeTarget section */

/* Begin PBXProject section */
		3D75B0551FC302E6003D3A5C /* Project object */ = {
			isa = PBXProject;
			attributes = {
				LastUpgradeCheck = 0800;
				ORGANIZATIONNAME = "Matthew Fisher [el16m2f]";
				TargetAttributes = {
					3D132AD41FCDC96C00D89391 = {
						CreatedOnToolsVersion = 8.0;
						ProvisioningStyle = Automatic;
					};
					3D132ADC1FCDC96E00D89391 = {
						CreatedOnToolsVersion = 8.0;
						ProvisioningStyle = Automatic;
						TestTargetID = 3D75B05C1FC302E6003D3A5C;
					};
					3D75B05C1FC302E6003D3A5C = {
						CreatedOnToolsVersion = 8.0;
						LastSwiftMigration = 0800;
						ProvisioningStyle = Automatic;
					};
					3D75B0751FC302E6003D3A5C = {
						CreatedOnToolsVersion = 8.0;
						ProvisioningStyle = Automatic;
						TestTargetID = 3D75B05C1FC302E6003D3A5C;
					};
					3D75B0801FC302E6003D3A5C = {
						CreatedOnToolsVersion = 8.0;
						ProvisioningStyle = Automatic;
						TestTargetID = 3D75B05C1FC302E6003D3A5C;
					};
				};
			};
			buildConfigurationList = 3D75B0581FC302E6003D3A5C /* Build configuration list for PBXProject "Fitness Tracker" */;
			compatibilityVersion = "Xcode 3.2";
			developmentRegion = English;
			hasScannedForEncodings = 0;
			knownRegions = (
				en,
				Base,
			);
			mainGroup = 3D75B0541FC302E6003D3A5C;
			productRefGroup = 3D75B05E1FC302E6003D3A5C /* Products */;
			projectDirPath = "";
			projectRoot = "";
			targets = (
				3D75B05C1FC302E6003D3A5C /* Fitness Tracker */,
				3D75B0751FC302E6003D3A5C /* Fitness TrackerTests */,
				3D75B0801FC302E6003D3A5C /* Fitness TrackerUITests */,
				3D132AD41FCDC96C00D89391 /* JBChart */,
				3D132ADC1FCDC96E00D89391 /* JBChartTests */,
			);
		};
/* End PBXProject section */

/* Begin PBXResourcesBuildPhase section */
		3D132AD31FCDC96C00D89391 /* Resources */ = {
			isa = PBXResourcesBuildPhase;
			buildActionMask = 2147483647;
			files = (
			);
			runOnlyForDeploymentPostprocessing = 0;
		};
		3D132ADB1FCDC96E00D89391 /* Resources */ = {
			isa = PBXResourcesBuildPhase;
			buildActionMask = 2147483647;
			files = (
			);
			runOnlyForDeploymentPostprocessing = 0;
		};
		3D75B05B1FC302E6003D3A5C /* Resources */ = {
			isa = PBXResourcesBuildPhase;
			buildActionMask = 2147483647;
			files = (
				3D75B0701FC302E6003D3A5C /* LaunchScreen.storyboard in Resources */,
				3DE35A911FD0757000F68566 /* 167px x 167px in Resources */,
				3DE35A8F1FD0757000F68566 /* 76px x 76px in Resources */,
				3D0A93C01FD1D04800274040 /* Main.storyboard in Resources */,
				3DE3A1EE1FC33415007FDBCA /* Adder_Icon.png in Resources */,
				3D75B06D1FC302E6003D3A5C /* Assets.xcassets in Resources */,
				3DE3A1EA1FC32F90007FDBCA /* Heart_Icon.png in Resources */,
				3DB5D7281FD5AE6900D09DBB /* 8ccb55af.png in Resources */,
				3DE35A8E1FD0757000F68566 /* 40px x 40px in Resources */,
				3D6344D11FCC17B9000611D9 /* FitnessAppLogo(2).jpg in Resources */,
				3DE3A1EC1FC3340C007FDBCA /* Location_Icon.png in Resources */,
				3DE35A901FD0757000F68566 /* 156px x 156px in Resources */,
				3DE3A1F01FC3341E007FDBCA /* Swimming_Icon.png in Resources */,
			);
			runOnlyForDeploymentPostprocessing = 0;
		};
		3D75B0741FC302E6003D3A5C /* Resources */ = {
			isa = PBXResourcesBuildPhase;
			buildActionMask = 2147483647;
			files = (
			);
			runOnlyForDeploymentPostprocessing = 0;
		};
		3D75B07F1FC302E6003D3A5C /* Resources */ = {
			isa = PBXResourcesBuildPhase;
			buildActionMask = 2147483647;
			files = (
			);
			runOnlyForDeploymentPostprocessing = 0;
		};
/* End PBXResourcesBuildPhase section */

/* Begin PBXSourcesBuildPhase section */
		3D132AD01FCDC96C00D89391 /* Sources */ = {
			isa = PBXSourcesBuildPhase;
			buildActionMask = 2147483647;
			files = (
				3D132B1B1FCDCA2600D89391 /* JBGradientBarView.m in Sources */,
				3D132B111FCDCA0D00D89391 /* JBLineChartDotView.m in Sources */,
				3D132B071FCDC9FC00D89391 /* JBLineChartPoint.m in Sources */,
				3D132B1F1FCDCA3400D89391 /* JBGradientLineLayer.m in Sources */,
				3D132B0F1FCDCA0D00D89391 /* JBLineChartDotsView.m in Sources */,
				3D132AF71FCDC9D400D89391 /* JBBarChartView.m in Sources */,
				3D132AFF1FCDC9E900D89391 /* JBLineChartView.m in Sources */,
				3D132B171FCDCA1C00D89391 /* NSMutableArray+JBStack.m in Sources */,
				3D132B131FCDCA0D00D89391 /* JBLineChartLinesView.m in Sources */,
				3D132B051FCDC9FC00D89391 /* JBLineChartLine.m in Sources */,
				3D132AFB1FCDC9DE00D89391 /* JBChartView.m in Sources */,
				3D132B231FCDCA4100D89391 /* JBShapeLineLayer.m in Sources */,
			);
			runOnlyForDeploymentPostprocessing = 0;
		};
		3D132AD91FCDC96E00D89391 /* Sources */ = {
			isa = PBXSourcesBuildPhase;
			buildActionMask = 2147483647;
			files = (
				3D132AE51FCDC96E00D89391 /* JBChartTests.m in Sources */,
			);
			runOnlyForDeploymentPostprocessing = 0;
		};
		3D75B0591FC302E6003D3A5C /* Sources */ = {
			isa = PBXSourcesBuildPhase;
			buildActionMask = 2147483647;
			files = (
				3D0A93BC1FD17AB000274040 /* UserProfile+CoreDataProperties.m in Sources */,
				3D421D711FC4754D00D781FC /* ActivityGraphViewController.m in Sources */,
				3D75B0651FC302E6003D3A5C /* AppDelegate.m in Sources */,
				3DE3A1F81FC33A98007FDBCA /* FacilityLocator.m in Sources */,
				3D0A93BB1FD17AB000274040 /* UserProfile+CoreDataClass.m in Sources */,
				3D08F9C71FCF3D2800FA28E2 /* FirstTimeLoadViewController.m in Sources */,
				3DAD83201FD706A900F1D672 /* UserActivityData+CoreDataProperties.m in Sources */,
				3D38FF451FCDF38F004BC8AA /* WeightGraphController.m in Sources */,
				3DAE42B11FC43008002EA8C1 /* AddActivity.m in Sources */,
				3D92E2751FC6DDBE00E63775 /* AddWeight.m in Sources */,
				3DAE42AA1FC42CAE002EA8C1 /* ActivityInfo.m in Sources */,
				3DF0C6801FC319D40066D6C5 /* RepCounter.m in Sources */,
				3DAE42A71FC42B0F002EA8C1 /* ActivityDataModel.m in Sources */,
				3D2D3EA21FCC7A7C003D0329 /* Core_Data.xcdatamodeld in Sources */,
				3D70E4C51FD73C5C006EC364 /* DataMethods.m in Sources */,
				3DAD831F1FD706A900F1D672 /* UserActivityData+CoreDataClass.m in Sources */,
				3DAD831D1FD706A900F1D672 /* UserWeightData+CoreDataClass.m in Sources */,
				3D75B0621FC302E6003D3A5C /* main.m in Sources */,
				3DAD831E1FD706A900F1D672 /* UserWeightData+CoreDataProperties.m in Sources */,
			);
			runOnlyForDeploymentPostprocessing = 0;
		};
		3D75B0721FC302E6003D3A5C /* Sources */ = {
			isa = PBXSourcesBuildPhase;
			buildActionMask = 2147483647;
			files = (
				3D75B07B1FC302E6003D3A5C /* Fitness_TrackerTests.m in Sources */,
			);
			runOnlyForDeploymentPostprocessing = 0;
		};
		3D75B07D1FC302E6003D3A5C /* Sources */ = {
			isa = PBXSourcesBuildPhase;
			buildActionMask = 2147483647;
			files = (
				3D75B0861FC302E6003D3A5C /* Fitness_TrackerUITests.m in Sources */,
			);
			runOnlyForDeploymentPostprocessing = 0;
		};
/* End PBXSourcesBuildPhase section */

/* Begin PBXTargetDependency section */
		3D132AE01FCDC96E00D89391 /* PBXTargetDependency */ = {
			isa = PBXTargetDependency;
			target = 3D132AD41FCDC96C00D89391 /* JBChart */;
			targetProxy = 3D132ADF1FCDC96E00D89391 /* PBXContainerItemProxy */;
		};
		3D132AE21FCDC96E00D89391 /* PBXTargetDependency */ = {
			isa = PBXTargetDependency;
			target = 3D75B05C1FC302E6003D3A5C /* Fitness Tracker */;
			targetProxy = 3D132AE11FCDC96E00D89391 /* PBXContainerItemProxy */;
		};
		3D132AE91FCDC96E00D89391 /* PBXTargetDependency */ = {
			isa = PBXTargetDependency;
			target = 3D132AD41FCDC96C00D89391 /* JBChart */;
			targetProxy = 3D132AE81FCDC96E00D89391 /* PBXContainerItemProxy */;
		};
		3D75B0781FC302E6003D3A5C /* PBXTargetDependency */ = {
			isa = PBXTargetDependency;
			target = 3D75B05C1FC302E6003D3A5C /* Fitness Tracker */;
			targetProxy = 3D75B0771FC302E6003D3A5C /* PBXContainerItemProxy */;
		};
		3D75B0831FC302E6003D3A5C /* PBXTargetDependency */ = {
			isa = PBXTargetDependency;
			target = 3D75B05C1FC302E6003D3A5C /* Fitness Tracker */;
			targetProxy = 3D75B0821FC302E6003D3A5C /* PBXContainerItemProxy */;
		};
/* End PBXTargetDependency section */

/* Begin PBXVariantGroup section */
		3D75B06E1FC302E6003D3A5C /* LaunchScreen.storyboard */ = {
			isa = PBXVariantGroup;
			children = (
				3D75B06F1FC302E6003D3A5C /* Base */,
			);
			name = LaunchScreen.storyboard;
			sourceTree = "<group>";
		};
/* End PBXVariantGroup section */

/* Begin XCBuildConfiguration section */
		3D132AEC1FCDC96E00D89391 /* Debug */ = {
			isa = XCBuildConfiguration;
			buildSettings = {
				CODE_SIGN_IDENTITY = "";
				CURRENT_PROJECT_VERSION = 1;
				DEFINES_MODULE = YES;
				DYLIB_COMPATIBILITY_VERSION = 1;
				DYLIB_CURRENT_VERSION = 1;
				DYLIB_INSTALL_NAME_BASE = "@rpath";
				INFOPLIST_FILE = JBChart/Info.plist;
				INSTALL_PATH = "$(LOCAL_LIBRARY_DIR)/Frameworks";
				LD_RUNPATH_SEARCH_PATHS = "$(inherited) @executable_path/Frameworks @loader_path/Frameworks";
				PRODUCT_BUNDLE_IDENTIFIER = jawbone.com.JBChart;
				PRODUCT_NAME = "$(TARGET_NAME)";
				SKIP_INSTALL = YES;
				VERSIONING_SYSTEM = "apple-generic";
				VERSION_INFO_PREFIX = "";
			};
			name = Debug;
		};
		3D132AED1FCDC96E00D89391 /* Release */ = {
			isa = XCBuildConfiguration;
			buildSettings = {
				CODE_SIGN_IDENTITY = "";
				CURRENT_PROJECT_VERSION = 1;
				DEFINES_MODULE = YES;
				DYLIB_COMPATIBILITY_VERSION = 1;
				DYLIB_CURRENT_VERSION = 1;
				DYLIB_INSTALL_NAME_BASE = "@rpath";
				INFOPLIST_FILE = JBChart/Info.plist;
				INSTALL_PATH = "$(LOCAL_LIBRARY_DIR)/Frameworks";
				LD_RUNPATH_SEARCH_PATHS = "$(inherited) @executable_path/Frameworks @loader_path/Frameworks";
				PRODUCT_BUNDLE_IDENTIFIER = jawbone.com.JBChart;
				PRODUCT_NAME = "$(TARGET_NAME)";
				SKIP_INSTALL = YES;
				VERSIONING_SYSTEM = "apple-generic";
				VERSION_INFO_PREFIX = "";
			};
			name = Release;
		};
		3D132AEE1FCDC96E00D89391 /* Debug */ = {
			isa = XCBuildConfiguration;
			buildSettings = {
				INFOPLIST_FILE = JBChartTests/Info.plist;
				LD_RUNPATH_SEARCH_PATHS = "$(inherited) @executable_path/Frameworks @loader_path/Frameworks";
				PRODUCT_BUNDLE_IDENTIFIER = jawbone.com.JBChartTests;
				PRODUCT_NAME = "$(TARGET_NAME)";
				TEST_HOST = "$(BUILT_PRODUCTS_DIR)/Fitness Tracker.app/Fitness Tracker";
			};
			name = Debug;
		};
		3D132AEF1FCDC96E00D89391 /* Release */ = {
			isa = XCBuildConfiguration;
			buildSettings = {
				INFOPLIST_FILE = JBChartTests/Info.plist;
				LD_RUNPATH_SEARCH_PATHS = "$(inherited) @executable_path/Frameworks @loader_path/Frameworks";
				PRODUCT_BUNDLE_IDENTIFIER = jawbone.com.JBChartTests;
				PRODUCT_NAME = "$(TARGET_NAME)";
				TEST_HOST = "$(BUILT_PRODUCTS_DIR)/Fitness Tracker.app/Fitness Tracker";
			};
			name = Release;
		};
		3D75B0881FC302E7003D3A5C /* Debug */ = {
			isa = XCBuildConfiguration;
			buildSettings = {
				ALWAYS_SEARCH_USER_PATHS = NO;
				CLANG_ANALYZER_NONNULL = YES;
				CLANG_CXX_LANGUAGE_STANDARD = "gnu++0x";
				CLANG_CXX_LIBRARY = "libc++";
				CLANG_ENABLE_MODULES = YES;
				CLANG_ENABLE_OBJC_ARC = YES;
				CLANG_WARN_BOOL_CONVERSION = YES;
				CLANG_WARN_CONSTANT_CONVERSION = YES;
				CLANG_WARN_DIRECT_OBJC_ISA_USAGE = YES_ERROR;
				CLANG_WARN_DOCUMENTATION_COMMENTS = YES;
				CLANG_WARN_EMPTY_BODY = YES;
				CLANG_WARN_ENUM_CONVERSION = YES;
				CLANG_WARN_INFINITE_RECURSION = YES;
				CLANG_WARN_INT_CONVERSION = YES;
				CLANG_WARN_OBJC_ROOT_CLASS = YES_ERROR;
				CLANG_WARN_SUSPICIOUS_MOVES = YES;
				CLANG_WARN_UNREACHABLE_CODE = YES;
				CLANG_WARN__DUPLICATE_METHOD_MATCH = YES;
				"CODE_SIGN_IDENTITY[sdk=iphoneos*]" = "iPhone Developer";
				COPY_PHASE_STRIP = NO;
				DEBUG_INFORMATION_FORMAT = dwarf;
				ENABLE_STRICT_OBJC_MSGSEND = YES;
				ENABLE_TESTABILITY = YES;
				GCC_C_LANGUAGE_STANDARD = gnu99;
				GCC_DYNAMIC_NO_PIC = NO;
				GCC_NO_COMMON_BLOCKS = YES;
				GCC_OPTIMIZATION_LEVEL = 0;
				GCC_PREPROCESSOR_DEFINITIONS = (
					"DEBUG=1",
					"$(inherited)",
				);
				GCC_WARN_64_TO_32_BIT_CONVERSION = YES;
				GCC_WARN_ABOUT_RETURN_TYPE = YES_ERROR;
				GCC_WARN_UNDECLARED_SELECTOR = YES;
				GCC_WARN_UNINITIALIZED_AUTOS = YES_AGGRESSIVE;
				GCC_WARN_UNUSED_FUNCTION = YES;
				GCC_WARN_UNUSED_VARIABLE = YES;
				IPHONEOS_DEPLOYMENT_TARGET = 10.0;
				MTL_ENABLE_DEBUG_INFO = YES;
				ONLY_ACTIVE_ARCH = YES;
				SDKROOT = iphoneos;
				TARGETED_DEVICE_FAMILY = "1,2";
			};
			name = Debug;
		};
		3D75B0891FC302E7003D3A5C /* Release */ = {
			isa = XCBuildConfiguration;
			buildSettings = {
				ALWAYS_SEARCH_USER_PATHS = NO;
				CLANG_ANALYZER_NONNULL = YES;
				CLANG_CXX_LANGUAGE_STANDARD = "gnu++0x";
				CLANG_CXX_LIBRARY = "libc++";
				CLANG_ENABLE_MODULES = YES;
				CLANG_ENABLE_OBJC_ARC = YES;
				CLANG_WARN_BOOL_CONVERSION = YES;
				CLANG_WARN_CONSTANT_CONVERSION = YES;
				CLANG_WARN_DIRECT_OBJC_ISA_USAGE = YES_ERROR;
				CLANG_WARN_DOCUMENTATION_COMMENTS = YES;
				CLANG_WARN_EMPTY_BODY = YES;
				CLANG_WARN_ENUM_CONVERSION = YES;
				CLANG_WARN_INFINITE_RECURSION = YES;
				CLANG_WARN_INT_CONVERSION = YES;
				CLANG_WARN_OBJC_ROOT_CLASS = YES_ERROR;
				CLANG_WARN_SUSPICIOUS_MOVES = YES;
				CLANG_WARN_UNREACHABLE_CODE = YES;
				CLANG_WARN__DUPLICATE_METHOD_MATCH = YES;
				"CODE_SIGN_IDENTITY[sdk=iphoneos*]" = "iPhone Developer";
				COPY_PHASE_STRIP = NO;
				DEBUG_INFORMATION_FORMAT = "dwarf-with-dsym";
				ENABLE_NS_ASSERTIONS = NO;
				ENABLE_STRICT_OBJC_MSGSEND = YES;
				GCC_C_LANGUAGE_STANDARD = gnu99;
				GCC_NO_COMMON_BLOCKS = YES;
				GCC_WARN_64_TO_32_BIT_CONVERSION = YES;
				GCC_WARN_ABOUT_RETURN_TYPE = YES_ERROR;
				GCC_WARN_UNDECLARED_SELECTOR = YES;
				GCC_WARN_UNINITIALIZED_AUTOS = YES_AGGRESSIVE;
				GCC_WARN_UNUSED_FUNCTION = YES;
				GCC_WARN_UNUSED_VARIABLE = YES;
				IPHONEOS_DEPLOYMENT_TARGET = 10.0;
				MTL_ENABLE_DEBUG_INFO = NO;
				SDKROOT = iphoneos;
				TARGETED_DEVICE_FAMILY = "1,2";
				VALIDATE_PRODUCT = YES;
			};
			name = Release;
		};
		3D75B08B1FC302E7003D3A5C /* Debug */ = {
			isa = XCBuildConfiguration;
			buildSettings = {
				ASSETCATALOG_COMPILER_APPICON_NAME = AppIcon;
				CLANG_ENABLE_MODULES = YES;
				INFOPLIST_FILE = "Fitness Tracker/Info.plist";
				LD_RUNPATH_SEARCH_PATHS = "$(inherited) @executable_path/Frameworks";
				PRODUCT_BUNDLE_IDENTIFIER = "leeds.ac.uk.Fitness-Tracker";
				PRODUCT_NAME = "$(TARGET_NAME)";
				SWIFT_OBJC_BRIDGING_HEADER = "Fitness Tracker-Bridging-Header.h";
				SWIFT_OPTIMIZATION_LEVEL = "-Onone";
				SWIFT_VERSION = 3.0;
			};
			name = Debug;
		};
		3D75B08C1FC302E7003D3A5C /* Release */ = {
			isa = XCBuildConfiguration;
			buildSettings = {
				ASSETCATALOG_COMPILER_APPICON_NAME = AppIcon;
				CLANG_ENABLE_MODULES = YES;
				INFOPLIST_FILE = "Fitness Tracker/Info.plist";
				LD_RUNPATH_SEARCH_PATHS = "$(inherited) @executable_path/Frameworks";
				PRODUCT_BUNDLE_IDENTIFIER = "leeds.ac.uk.Fitness-Tracker";
				PRODUCT_NAME = "$(TARGET_NAME)";
				SWIFT_OBJC_BRIDGING_HEADER = "Fitness Tracker-Bridging-Header.h";
				SWIFT_VERSION = 3.0;
			};
			name = Release;
		};
		3D75B08E1FC302E7003D3A5C /* Debug */ = {
			isa = XCBuildConfiguration;
			buildSettings = {
				BUNDLE_LOADER = "$(TEST_HOST)";
				INFOPLIST_FILE = "Fitness TrackerTests/Info.plist";
				LD_RUNPATH_SEARCH_PATHS = "$(inherited) @executable_path/Frameworks @loader_path/Frameworks";
				PRODUCT_BUNDLE_IDENTIFIER = "leeds.ac.uk.Fitness-TrackerTests";
				PRODUCT_NAME = "$(TARGET_NAME)";
				TEST_HOST = "$(BUILT_PRODUCTS_DIR)/Fitness Tracker.app/Fitness Tracker";
			};
			name = Debug;
		};
		3D75B08F1FC302E7003D3A5C /* Release */ = {
			isa = XCBuildConfiguration;
			buildSettings = {
				BUNDLE_LOADER = "$(TEST_HOST)";
				INFOPLIST_FILE = "Fitness TrackerTests/Info.plist";
				LD_RUNPATH_SEARCH_PATHS = "$(inherited) @executable_path/Frameworks @loader_path/Frameworks";
				PRODUCT_BUNDLE_IDENTIFIER = "leeds.ac.uk.Fitness-TrackerTests";
				PRODUCT_NAME = "$(TARGET_NAME)";
				TEST_HOST = "$(BUILT_PRODUCTS_DIR)/Fitness Tracker.app/Fitness Tracker";
			};
			name = Release;
		};
		3D75B0911FC302E7003D3A5C /* Debug */ = {
			isa = XCBuildConfiguration;
			buildSettings = {
				INFOPLIST_FILE = "Fitness TrackerUITests/Info.plist";
				LD_RUNPATH_SEARCH_PATHS = "$(inherited) @executable_path/Frameworks @loader_path/Frameworks";
				PRODUCT_BUNDLE_IDENTIFIER = "leeds.ac.uk.Fitness-TrackerUITests";
				PRODUCT_NAME = "$(TARGET_NAME)";
				TEST_TARGET_NAME = "Fitness Tracker";
			};
			name = Debug;
		};
		3D75B0921FC302E7003D3A5C /* Release */ = {
			isa = XCBuildConfiguration;
			buildSettings = {
				INFOPLIST_FILE = "Fitness TrackerUITests/Info.plist";
				LD_RUNPATH_SEARCH_PATHS = "$(inherited) @executable_path/Frameworks @loader_path/Frameworks";
				PRODUCT_BUNDLE_IDENTIFIER = "leeds.ac.uk.Fitness-TrackerUITests";
				PRODUCT_NAME = "$(TARGET_NAME)";
				TEST_TARGET_NAME = "Fitness Tracker";
			};
			name = Release;
		};
/* End XCBuildConfiguration section */

/* Begin XCConfigurationList section */
		3D132AF01FCDC96E00D89391 /* Build configuration list for PBXNativeTarget "JBChart" */ = {
			isa = XCConfigurationList;
			buildConfigurations = (
				3D132AEC1FCDC96E00D89391 /* Debug */,
				3D132AED1FCDC96E00D89391 /* Release */,
			);
			defaultConfigurationIsVisible = 0;
			defaultConfigurationName = Release;
		};
		3D132AF21FCDC96E00D89391 /* Build configuration list for PBXNativeTarget "JBChartTests" */ = {
			isa = XCConfigurationList;
			buildConfigurations = (
				3D132AEE1FCDC96E00D89391 /* Debug */,
				3D132AEF1FCDC96E00D89391 /* Release */,
			);
			defaultConfigurationIsVisible = 0;
			defaultConfigurationName = Release;
		};
		3D75B0581FC302E6003D3A5C /* Build configuration list for PBXProject "Fitness Tracker" */ = {
			isa = XCConfigurationList;
			buildConfigurations = (
				3D75B0881FC302E7003D3A5C /* Debug */,
				3D75B0891FC302E7003D3A5C /* Release */,
			);
			defaultConfigurationIsVisible = 0;
			defaultConfigurationName = Release;
		};
		3D75B08A1FC302E7003D3A5C /* Build configuration list for PBXNativeTarget "Fitness Tracker" */ = {
			isa = XCConfigurationList;
			buildConfigurations = (
				3D75B08B1FC302E7003D3A5C /* Debug */,
				3D75B08C1FC302E7003D3A5C /* Release */,
			);
			defaultConfigurationIsVisible = 0;
			defaultConfigurationName = Release;
		};
		3D75B08D1FC302E7003D3A5C /* Build configuration list for PBXNativeTarget "Fitness TrackerTests" */ = {
			isa = XCConfigurationList;
			buildConfigurations = (
				3D75B08E1FC302E7003D3A5C /* Debug */,
				3D75B08F1FC302E7003D3A5C /* Release */,
			);
			defaultConfigurationIsVisible = 0;
			defaultConfigurationName = Release;
		};
		3D75B0901FC302E7003D3A5C /* Build configuration list for PBXNativeTarget "Fitness TrackerUITests" */ = {
			isa = XCConfigurationList;
			buildConfigurations = (
				3D75B0911FC302E7003D3A5C /* Debug */,
				3D75B0921FC302E7003D3A5C /* Release */,
			);
			defaultConfigurationIsVisible = 0;
			defaultConfigurationName = Release;
		};
/* End XCConfigurationList section */

/* Begin XCVersionGroup section */
		3D2D3EA01FCC7A79003D0329 /* Core_Data.xcdatamodeld */ = {
			isa = XCVersionGroup;
			children = (
				3D2D3EA11FCC7A7C003D0329 /* Core_Data.xcdatamodel */,
			);
			currentVersion = 3D2D3EA11FCC7A7C003D0329 /* Core_Data.xcdatamodel */;
			path = Core_Data.xcdatamodeld;
			sourceTree = "<group>";
			versionGroupType = wrapper.xcdatamodel;
		};
/* End XCVersionGroup section */
	};
	rootObject = 3D75B0551FC302E6003D3A5C /* Project object */;
}
