// !$*UTF8*$!
{
	archiveVersion = 1;
	classes = {
	};
	objectVersion = 46;
	objects = {

/* Begin PBXBuildFile section */
		3D421D711FC4754D00D781FC /* ActivityGraphViewController.m in Sources */ = {isa = PBXBuildFile; fileRef = 3D421D701FC4754D00D781FC /* ActivityGraphViewController.m */; };
		3D75B0621FC302E6003D3A5C /* main.m in Sources */ = {isa = PBXBuildFile; fileRef = 3D75B0611FC302E6003D3A5C /* main.m */; };
		3D75B0651FC302E6003D3A5C /* AppDelegate.m in Sources */ = {isa = PBXBuildFile; fileRef = 3D75B0641FC302E6003D3A5C /* AppDelegate.m */; };
		3D75B06B1FC302E6003D3A5C /* Main.storyboard in Resources */ = {isa = PBXBuildFile; fileRef = 3D75B0691FC302E6003D3A5C /* Main.storyboard */; };
		3D75B06D1FC302E6003D3A5C /* Assets.xcassets in Resources */ = {isa = PBXBuildFile; fileRef = 3D75B06C1FC302E6003D3A5C /* Assets.xcassets */; };
		3D75B0701FC302E6003D3A5C /* LaunchScreen.storyboard in Resources */ = {isa = PBXBuildFile; fileRef = 3D75B06E1FC302E6003D3A5C /* LaunchScreen.storyboard */; };
		3D75B07B1FC302E6003D3A5C /* Fitness_TrackerTests.m in Sources */ = {isa = PBXBuildFile; fileRef = 3D75B07A1FC302E6003D3A5C /* Fitness_TrackerTests.m */; };
		3D75B0861FC302E6003D3A5C /* Fitness_TrackerUITests.m in Sources */ = {isa = PBXBuildFile; fileRef = 3D75B0851FC302E6003D3A5C /* Fitness_TrackerUITests.m */; };
		3D92E2751FC6DDBE00E63775 /* AddWeight.m in Sources */ = {isa = PBXBuildFile; fileRef = 3D92E2741FC6DDBE00E63775 /* AddWeight.m */; };
		3DAE42A71FC42B0F002EA8C1 /* ActivityDataModel.m in Sources */ = {isa = PBXBuildFile; fileRef = 3DAE42A61FC42B0F002EA8C1 /* ActivityDataModel.m */; };
		3DAE42AA1FC42CAE002EA8C1 /* ActivityInfo.m in Sources */ = {isa = PBXBuildFile; fileRef = 3DAE42A91FC42CAE002EA8C1 /* ActivityInfo.m */; };
		3DAE42B11FC43008002EA8C1 /* AddActivity.m in Sources */ = {isa = PBXBuildFile; fileRef = 3DAE42B01FC43008002EA8C1 /* AddActivity.m */; };
		3DAE42B41FC43870002EA8C1 /* UserInfo.m in Sources */ = {isa = PBXBuildFile; fileRef = 3DAE42B31FC43870002EA8C1 /* UserInfo.m */; };
		3DE3A1EA1FC32F90007FDBCA /* Heart_Icon.png in Resources */ = {isa = PBXBuildFile; fileRef = 3DE3A1E91FC32F90007FDBCA /* Heart_Icon.png */; };
		3DE3A1EC1FC3340C007FDBCA /* Location_Icon.png in Resources */ = {isa = PBXBuildFile; fileRef = 3DE3A1EB1FC3340C007FDBCA /* Location_Icon.png */; };
		3DE3A1EE1FC33415007FDBCA /* Adder_Icon.png in Resources */ = {isa = PBXBuildFile; fileRef = 3DE3A1ED1FC33415007FDBCA /* Adder_Icon.png */; };
		3DE3A1F01FC3341E007FDBCA /* Swimming_Icon.png in Resources */ = {isa = PBXBuildFile; fileRef = 3DE3A1EF1FC3341E007FDBCA /* Swimming_Icon.png */; };
		3DE3A1F31FC33824007FDBCA /* AddressBook.framework in Frameworks */ = {isa = PBXBuildFile; fileRef = 3DE3A1F21FC33824007FDBCA /* AddressBook.framework */; };
		3DE3A1F51FC33830007FDBCA /* CoreLocation.framework in Frameworks */ = {isa = PBXBuildFile; fileRef = 3DE3A1F41FC33830007FDBCA /* CoreLocation.framework */; };
		3DE3A1F81FC33A98007FDBCA /* FacilityLocator.m in Sources */ = {isa = PBXBuildFile; fileRef = 3DE3A1F71FC33A98007FDBCA /* FacilityLocator.m */; };
		3DE3A1FA1FC33C89007FDBCA /* MapKit.framework in Frameworks */ = {isa = PBXBuildFile; fileRef = 3DE3A1F91FC33C89007FDBCA /* MapKit.framework */; };
		3DF0C6801FC319D40066D6C5 /* RepCounter.m in Sources */ = {isa = PBXBuildFile; fileRef = 3DF0C67F1FC319D40066D6C5 /* RepCounter.m */; };
		3DF0C6871FC31FFC0066D6C5 /* RunningWoman.jpg in Resources */ = {isa = PBXBuildFile; fileRef = 3DF0C6861FC31FFC0066D6C5 /* RunningWoman.jpg */; };
/* End PBXBuildFile section */

/* Begin PBXContainerItemProxy section */
		3D75B0771FC302E6003D3A5C /* PBXContainerItemProxy */ = {
			isa = PBXContainerItemProxy;
			containerPortal = 3D75B0551FC302E6003D3A5C /* Project object */;
			proxyType = 1;
			remoteGlobalIDString = 3D75B05C1FC302E6003D3A5C;
			remoteInfo = "Fitness Tracker";
		};
		3D75B0821FC302E6003D3A5C /* PBXContainerItemProxy */ = {
			isa = PBXContainerItemProxy;
			containerPortal = 3D75B0551FC302E6003D3A5C /* Project object */;
			proxyType = 1;
			remoteGlobalIDString = 3D75B05C1FC302E6003D3A5C;
			remoteInfo = "Fitness Tracker";
		};
/* End PBXContainerItemProxy section */

/* Begin PBXFileReference section */
		3D421D6F1FC4754D00D781FC /* ActivityGraphViewController.h */ = {isa = PBXFileReference; fileEncoding = 4; lastKnownFileType = sourcecode.c.h; path = ActivityGraphViewController.h; sourceTree = "<group>"; };
		3D421D701FC4754D00D781FC /* ActivityGraphViewController.m */ = {isa = PBXFileReference; fileEncoding = 4; lastKnownFileType = sourcecode.c.objc; path = ActivityGraphViewController.m; sourceTree = "<group>"; };
		3D75B05D1FC302E6003D3A5C /* Fitness Tracker.app */ = {isa = PBXFileReference; explicitFileType = wrapper.application; includeInIndex = 0; path = "Fitness Tracker.app"; sourceTree = BUILT_PRODUCTS_DIR; };
		3D75B0611FC302E6003D3A5C /* main.m */ = {isa = PBXFileReference; lastKnownFileType = sourcecode.c.objc; path = main.m; sourceTree = "<group>"; };
		3D75B0631FC302E6003D3A5C /* AppDelegate.h */ = {isa = PBXFileReference; lastKnownFileType = sourcecode.c.h; path = AppDelegate.h; sourceTree = "<group>"; };
		3D75B0641FC302E6003D3A5C /* AppDelegate.m */ = {isa = PBXFileReference; lastKnownFileType = sourcecode.c.objc; path = AppDelegate.m; sourceTree = "<group>"; };
		3D75B06A1FC302E6003D3A5C /* Base */ = {isa = PBXFileReference; lastKnownFileType = file.storyboard; name = Base; path = Base.lproj/Main.storyboard; sourceTree = "<group>"; };
		3D75B06C1FC302E6003D3A5C /* Assets.xcassets */ = {isa = PBXFileReference; lastKnownFileType = folder.assetcatalog; path = Assets.xcassets; sourceTree = "<group>"; };
		3D75B06F1FC302E6003D3A5C /* Base */ = {isa = PBXFileReference; lastKnownFileType = file.storyboard; name = Base; path = Base.lproj/LaunchScreen.storyboard; sourceTree = "<group>"; };
		3D75B0711FC302E6003D3A5C /* Info.plist */ = {isa = PBXFileReference; lastKnownFileType = text.plist.xml; path = Info.plist; sourceTree = "<group>"; };
		3D75B0761FC302E6003D3A5C /* Fitness TrackerTests.xctest */ = {isa = PBXFileReference; explicitFileType = wrapper.cfbundle; includeInIndex = 0; path = "Fitness TrackerTests.xctest"; sourceTree = BUILT_PRODUCTS_DIR; };
		3D75B07A1FC302E6003D3A5C /* Fitness_TrackerTests.m */ = {isa = PBXFileReference; lastKnownFileType = sourcecode.c.objc; path = Fitness_TrackerTests.m; sourceTree = "<group>"; };
		3D75B07C1FC302E6003D3A5C /* Info.plist */ = {isa = PBXFileReference; lastKnownFileType = text.plist.xml; path = Info.plist; sourceTree = "<group>"; };
		3D75B0811FC302E6003D3A5C /* Fitness TrackerUITests.xctest */ = {isa = PBXFileReference; explicitFileType = wrapper.cfbundle; includeInIndex = 0; path = "Fitness TrackerUITests.xctest"; sourceTree = BUILT_PRODUCTS_DIR; };
		3D75B0851FC302E6003D3A5C /* Fitness_TrackerUITests.m */ = {isa = PBXFileReference; lastKnownFileType = sourcecode.c.objc; path = Fitness_TrackerUITests.m; sourceTree = "<group>"; };
		3D75B0871FC302E7003D3A5C /* Info.plist */ = {isa = PBXFileReference; lastKnownFileType = text.plist.xml; path = Info.plist; sourceTree = "<group>"; };
		3D92E2731FC6DDBE00E63775 /* AddWeight.h */ = {isa = PBXFileReference; fileEncoding = 4; lastKnownFileType = sourcecode.c.h; path = AddWeight.h; sourceTree = "<group>"; };
		3D92E2741FC6DDBE00E63775 /* AddWeight.m */ = {isa = PBXFileReference; fileEncoding = 4; lastKnownFileType = sourcecode.c.objc; path = AddWeight.m; sourceTree = "<group>"; };
		3DAE42A51FC42B0F002EA8C1 /* ActivityDataModel.h */ = {isa = PBXFileReference; fileEncoding = 4; lastKnownFileType = sourcecode.c.h; path = ActivityDataModel.h; sourceTree = "<group>"; };
		3DAE42A61FC42B0F002EA8C1 /* ActivityDataModel.m */ = {isa = PBXFileReference; fileEncoding = 4; lastKnownFileType = sourcecode.c.objc; path = ActivityDataModel.m; sourceTree = "<group>"; };
		3DAE42A81FC42CAE002EA8C1 /* ActivityInfo.h */ = {isa = PBXFileReference; fileEncoding = 4; lastKnownFileType = sourcecode.c.h; path = ActivityInfo.h; sourceTree = "<group>"; };
		3DAE42A91FC42CAE002EA8C1 /* ActivityInfo.m */ = {isa = PBXFileReference; fileEncoding = 4; lastKnownFileType = sourcecode.c.objc; path = ActivityInfo.m; sourceTree = "<group>"; };
		3DAE42AF1FC43008002EA8C1 /* AddActivity.h */ = {isa = PBXFileReference; fileEncoding = 4; lastKnownFileType = sourcecode.c.h; path = AddActivity.h; sourceTree = "<group>"; };
		3DAE42B01FC43008002EA8C1 /* AddActivity.m */ = {isa = PBXFileReference; fileEncoding = 4; lastKnownFileType = sourcecode.c.objc; path = AddActivity.m; sourceTree = "<group>"; };
		3DAE42B21FC4386F002EA8C1 /* UserInfo.h */ = {isa = PBXFileReference; fileEncoding = 4; lastKnownFileType = sourcecode.c.h; name = UserInfo.h; path = ../UserInfo.h; sourceTree = "<group>"; };
		3DAE42B31FC43870002EA8C1 /* UserInfo.m */ = {isa = PBXFileReference; fileEncoding = 4; lastKnownFileType = sourcecode.c.objc; name = UserInfo.m; path = ../UserInfo.m; sourceTree = "<group>"; };
		3DE3A1E91FC32F90007FDBCA /* Heart_Icon.png */ = {isa = PBXFileReference; lastKnownFileType = image.png; path = Heart_Icon.png; sourceTree = "<group>"; };
		3DE3A1EB1FC3340C007FDBCA /* Location_Icon.png */ = {isa = PBXFileReference; lastKnownFileType = image.png; path = Location_Icon.png; sourceTree = "<group>"; };
		3DE3A1ED1FC33415007FDBCA /* Adder_Icon.png */ = {isa = PBXFileReference; lastKnownFileType = image.png; path = Adder_Icon.png; sourceTree = "<group>"; };
		3DE3A1EF1FC3341E007FDBCA /* Swimming_Icon.png */ = {isa = PBXFileReference; lastKnownFileType = image.png; path = Swimming_Icon.png; sourceTree = "<group>"; };
		3DE3A1F21FC33824007FDBCA /* AddressBook.framework */ = {isa = PBXFileReference; lastKnownFileType = wrapper.framework; name = AddressBook.framework; path = System/Library/Frameworks/AddressBook.framework; sourceTree = SDKROOT; };
		3DE3A1F41FC33830007FDBCA /* CoreLocation.framework */ = {isa = PBXFileReference; lastKnownFileType = wrapper.framework; name = CoreLocation.framework; path = System/Library/Frameworks/CoreLocation.framework; sourceTree = SDKROOT; };
		3DE3A1F61FC33A98007FDBCA /* FacilityLocator.h */ = {isa = PBXFileReference; fileEncoding = 4; lastKnownFileType = sourcecode.c.h; path = FacilityLocator.h; sourceTree = "<group>"; };
		3DE3A1F71FC33A98007FDBCA /* FacilityLocator.m */ = {isa = PBXFileReference; fileEncoding = 4; lastKnownFileType = sourcecode.c.objc; path = FacilityLocator.m; sourceTree = "<group>"; };
		3DE3A1F91FC33C89007FDBCA /* MapKit.framework */ = {isa = PBXFileReference; lastKnownFileType = wrapper.framework; name = MapKit.framework; path = System/Library/Frameworks/MapKit.framework; sourceTree = SDKROOT; };
		3DF0C67E1FC319D40066D6C5 /* RepCounter.h */ = {isa = PBXFileReference; fileEncoding = 4; lastKnownFileType = sourcecode.c.h; name = RepCounter.h; path = ../RepCounter.h; sourceTree = "<group>"; };
		3DF0C67F1FC319D40066D6C5 /* RepCounter.m */ = {isa = PBXFileReference; fileEncoding = 4; lastKnownFileType = sourcecode.c.objc; name = RepCounter.m; path = ../RepCounter.m; sourceTree = "<group>"; };
		3DF0C6861FC31FFC0066D6C5 /* RunningWoman.jpg */ = {isa = PBXFileReference; lastKnownFileType = image.jpeg; path = RunningWoman.jpg; sourceTree = "<group>"; };
/* End PBXFileReference section */

/* Begin PBXFrameworksBuildPhase section */
		3D75B05A1FC302E6003D3A5C /* Frameworks */ = {
			isa = PBXFrameworksBuildPhase;
			buildActionMask = 2147483647;
			files = (
				3DE3A1FA1FC33C89007FDBCA /* MapKit.framework in Frameworks */,
				3DE3A1F51FC33830007FDBCA /* CoreLocation.framework in Frameworks */,
				3DE3A1F31FC33824007FDBCA /* AddressBook.framework in Frameworks */,
			);
			runOnlyForDeploymentPostprocessing = 0;
		};
		3D75B0731FC302E6003D3A5C /* Frameworks */ = {
			isa = PBXFrameworksBuildPhase;
			buildActionMask = 2147483647;
			files = (
			);
			runOnlyForDeploymentPostprocessing = 0;
		};
		3D75B07E1FC302E6003D3A5C /* Frameworks */ = {
			isa = PBXFrameworksBuildPhase;
			buildActionMask = 2147483647;
			files = (
			);
			runOnlyForDeploymentPostprocessing = 0;
		};
/* End PBXFrameworksBuildPhase section */

/* Begin PBXGroup section */
		3D75B0541FC302E6003D3A5C = {
			isa = PBXGroup;
			children = (
				3D75B05F1FC302E6003D3A5C /* Fitness Tracker */,
				3D75B0791FC302E6003D3A5C /* Fitness TrackerTests */,
				3D75B0841FC302E6003D3A5C /* Fitness TrackerUITests */,
				3D75B05E1FC302E6003D3A5C /* Products */,
				3DE3A1F11FC33824007FDBCA /* Frameworks */,
			);
			sourceTree = "<group>";
		};
		3D75B05E1FC302E6003D3A5C /* Products */ = {
			isa = PBXGroup;
			children = (
				3D75B05D1FC302E6003D3A5C /* Fitness Tracker.app */,
				3D75B0761FC302E6003D3A5C /* Fitness TrackerTests.xctest */,
				3D75B0811FC302E6003D3A5C /* Fitness TrackerUITests.xctest */,
			);
			name = Products;
			sourceTree = "<group>";
		};
		3D75B05F1FC302E6003D3A5C /* Fitness Tracker */ = {
			isa = PBXGroup;
			children = (
				3D75B0931FC3058F003D3A5C /* Images */,
				3D75B0631FC302E6003D3A5C /* AppDelegate.h */,
				3D75B0641FC302E6003D3A5C /* AppDelegate.m */,
				3DAE42B21FC4386F002EA8C1 /* UserInfo.h */,
				3DAE42B31FC43870002EA8C1 /* UserInfo.m */,
				3D421D6F1FC4754D00D781FC /* ActivityGraphViewController.h */,
				3D421D701FC4754D00D781FC /* ActivityGraphViewController.m */,
				3DAE42AF1FC43008002EA8C1 /* AddActivity.h */,
				3DAE42B01FC43008002EA8C1 /* AddActivity.m */,
				3DAE42AB1FC42CBE002EA8C1 /* ActivityInformation */,
				3D92E2731FC6DDBE00E63775 /* AddWeight.h */,
				3D92E2741FC6DDBE00E63775 /* AddWeight.m */,
				3DF0C67E1FC319D40066D6C5 /* RepCounter.h */,
				3DF0C67F1FC319D40066D6C5 /* RepCounter.m */,
				3DAFE9841FC8579300CF27C3 /* Maps */,
				3DE3A1F61FC33A98007FDBCA /* FacilityLocator.h */,
				3DE3A1F71FC33A98007FDBCA /* FacilityLocator.m */,
				3D75B0691FC302E6003D3A5C /* Main.storyboard */,
				3D75B06C1FC302E6003D3A5C /* Assets.xcassets */,
				3D75B06E1FC302E6003D3A5C /* LaunchScreen.storyboard */,
				3D75B0601FC302E6003D3A5C /* Supporting Files */,
			);
			path = "Fitness Tracker";
			sourceTree = "<group>";
		};
		3D75B0601FC302E6003D3A5C /* Supporting Files */ = {
			isa = PBXGroup;
			children = (
				3D75B0711FC302E6003D3A5C /* Info.plist */,
				3D75B0611FC302E6003D3A5C /* main.m */,
			);
			name = "Supporting Files";
			sourceTree = "<group>";
		};
		3D75B0791FC302E6003D3A5C /* Fitness TrackerTests */ = {
			isa = PBXGroup;
			children = (
				3D75B07A1FC302E6003D3A5C /* Fitness_TrackerTests.m */,
				3D75B07C1FC302E6003D3A5C /* Info.plist */,
			);
			path = "Fitness TrackerTests";
			sourceTree = "<group>";
		};
		3D75B0841FC302E6003D3A5C /* Fitness TrackerUITests */ = {
			isa = PBXGroup;
			children = (
				3D75B0851FC302E6003D3A5C /* Fitness_TrackerUITests.m */,
				3D75B0871FC302E7003D3A5C /* Info.plist */,
			);
			path = "Fitness TrackerUITests";
			sourceTree = "<group>";
		};
		3D75B0931FC3058F003D3A5C /* Images */ = {
			isa = PBXGroup;
			children = (
				3DF0C6861FC31FFC0066D6C5 /* RunningWoman.jpg */,
				3D75B0941FC3059A003D3A5C /* Icons */,
			);
			name = Images;
			sourceTree = "<group>";
		};
		3D75B0941FC3059A003D3A5C /* Icons */ = {
			isa = PBXGroup;
			children = (
				3DE3A1EB1FC3340C007FDBCA /* Location_Icon.png */,
				3DE3A1E91FC32F90007FDBCA /* Heart_Icon.png */,
				3DE3A1ED1FC33415007FDBCA /* Adder_Icon.png */,
				3DE3A1EF1FC3341E007FDBCA /* Swimming_Icon.png */,
			);
			name = Icons;
			sourceTree = "<group>";
		};
		3DAE42AB1FC42CBE002EA8C1 /* ActivityInformation */ = {
			isa = PBXGroup;
			children = (
				3DAE42A81FC42CAE002EA8C1 /* ActivityInfo.h */,
				3DAE42A91FC42CAE002EA8C1 /* ActivityInfo.m */,
				3DAE42A51FC42B0F002EA8C1 /* ActivityDataModel.h */,
				3DAE42A61FC42B0F002EA8C1 /* ActivityDataModel.m */,
			);
			name = ActivityInformation;
			sourceTree = "<group>";
		};
		3DAFE9841FC8579300CF27C3 /* Maps */ = {
			isa = PBXGroup;
			children = (
			);
			name = Maps;
			sourceTree = "<group>";
		};
		3DE3A1F11FC33824007FDBCA /* Frameworks */ = {
			isa = PBXGroup;
			children = (
				3DE3A1F91FC33C89007FDBCA /* MapKit.framework */,
				3DE3A1F41FC33830007FDBCA /* CoreLocation.framework */,
				3DE3A1F21FC33824007FDBCA /* AddressBook.framework */,
			);
			name = Frameworks;
			sourceTree = "<group>";
		};
/* End PBXGroup section */

/* Begin PBXNativeTarget section */
		3D75B05C1FC302E6003D3A5C /* Fitness Tracker */ = {
			isa = PBXNativeTarget;
			buildConfigurationList = 3D75B08A1FC302E7003D3A5C /* Build configuration list for PBXNativeTarget "Fitness Tracker" */;
			buildPhases = (
				3D75B0591FC302E6003D3A5C /* Sources */,
				3D75B05A1FC302E6003D3A5C /* Frameworks */,
				3D75B05B1FC302E6003D3A5C /* Resources */,
			);
			buildRules = (
			);
			dependencies = (
			);
			name = "Fitness Tracker";
			productName = "Fitness Tracker";
			productReference = 3D75B05D1FC302E6003D3A5C /* Fitness Tracker.app */;
			productType = "com.apple.product-type.application";
		};
		3D75B0751FC302E6003D3A5C /* Fitness TrackerTests */ = {
			isa = PBXNativeTarget;
			buildConfigurationList = 3D75B08D1FC302E7003D3A5C /* Build configuration list for PBXNativeTarget "Fitness TrackerTests" */;
			buildPhases = (
				3D75B0721FC302E6003D3A5C /* Sources */,
				3D75B0731FC302E6003D3A5C /* Frameworks */,
				3D75B0741FC302E6003D3A5C /* Resources */,
			);
			buildRules = (
			);
			dependencies = (
				3D75B0781FC302E6003D3A5C /* PBXTargetDependency */,
			);
			name = "Fitness TrackerTests";
			productName = "Fitness TrackerTests";
			productReference = 3D75B0761FC302E6003D3A5C /* Fitness TrackerTests.xctest */;
			productType = "com.apple.product-type.bundle.unit-test";
		};
		3D75B0801FC302E6003D3A5C /* Fitness TrackerUITests */ = {
			isa = PBXNativeTarget;
			buildConfigurationList = 3D75B0901FC302E7003D3A5C /* Build configuration list for PBXNativeTarget "Fitness TrackerUITests" */;
			buildPhases = (
				3D75B07D1FC302E6003D3A5C /* Sources */,
				3D75B07E1FC302E6003D3A5C /* Frameworks */,
				3D75B07F1FC302E6003D3A5C /* Resources */,
			);
			buildRules = (
			);
			dependencies = (
				3D75B0831FC302E6003D3A5C /* PBXTargetDependency */,
			);
			name = "Fitness TrackerUITests";
			productName = "Fitness TrackerUITests";
			productReference = 3D75B0811FC302E6003D3A5C /* Fitness TrackerUITests.xctest */;
			productType = "com.apple.product-type.bundle.ui-testing";
		};
/* End PBXNativeTarget section */

/* Begin PBXProject section */
		3D75B0551FC302E6003D3A5C /* Project object */ = {
			isa = PBXProject;
			attributes = {
				LastUpgradeCheck = 0800;
				ORGANIZATIONNAME = "Matthew Fisher [el16m2f]";
				TargetAttributes = {
					3D75B05C1FC302E6003D3A5C = {
						CreatedOnToolsVersion = 8.0;
						ProvisioningStyle = Automatic;
					};
					3D75B0751FC302E6003D3A5C = {
						CreatedOnToolsVersion = 8.0;
						ProvisioningStyle = Automatic;
						TestTargetID = 3D75B05C1FC302E6003D3A5C;
					};
					3D75B0801FC302E6003D3A5C = {
						CreatedOnToolsVersion = 8.0;
						ProvisioningStyle = Automatic;
						TestTargetID = 3D75B05C1FC302E6003D3A5C;
					};
				};
			};
			buildConfigurationList = 3D75B0581FC302E6003D3A5C /* Build configuration list for PBXProject "Fitness Tracker" */;
			compatibilityVersion = "Xcode 3.2";
			developmentRegion = English;
			hasScannedForEncodings = 0;
			knownRegions = (
				en,
				Base,
			);
			mainGroup = 3D75B0541FC302E6003D3A5C;
			productRefGroup = 3D75B05E1FC302E6003D3A5C /* Products */;
			projectDirPath = "";
			projectRoot = "";
			targets = (
				3D75B05C1FC302E6003D3A5C /* Fitness Tracker */,
				3D75B0751FC302E6003D3A5C /* Fitness TrackerTests */,
				3D75B0801FC302E6003D3A5C /* Fitness TrackerUITests */,
			);
		};
/* End PBXProject section */

/* Begin PBXResourcesBuildPhase section */
		3D75B05B1FC302E6003D3A5C /* Resources */ = {
			isa = PBXResourcesBuildPhase;
			buildActionMask = 2147483647;
			files = (
				3D75B0701FC302E6003D3A5C /* LaunchScreen.storyboard in Resources */,
				3DF0C6871FC31FFC0066D6C5 /* RunningWoman.jpg in Resources */,
				3DE3A1EE1FC33415007FDBCA /* Adder_Icon.png in Resources */,
				3D75B06D1FC302E6003D3A5C /* Assets.xcassets in Resources */,
				3DE3A1EA1FC32F90007FDBCA /* Heart_Icon.png in Resources */,
				3D75B06B1FC302E6003D3A5C /* Main.storyboard in Resources */,
				3DE3A1EC1FC3340C007FDBCA /* Location_Icon.png in Resources */,
				3DE3A1F01FC3341E007FDBCA /* Swimming_Icon.png in Resources */,
			);
			runOnlyForDeploymentPostprocessing = 0;
		};
		3D75B0741FC302E6003D3A5C /* Resources */ = {
			isa = PBXResourcesBuildPhase;
			buildActionMask = 2147483647;
			files = (
			);
			runOnlyForDeploymentPostprocessing = 0;
		};
		3D75B07F1FC302E6003D3A5C /* Resources */ = {
			isa = PBXResourcesBuildPhase;
			buildActionMask = 2147483647;
			files = (
			);
			runOnlyForDeploymentPostprocessing = 0;
		};
/* End PBXResourcesBuildPhase section */

/* Begin PBXSourcesBuildPhase section */
		3D75B0591FC302E6003D3A5C /* Sources */ = {
			isa = PBXSourcesBuildPhase;
			buildActionMask = 2147483647;
			files = (
				3DAE42B41FC43870002EA8C1 /* UserInfo.m in Sources */,
				3D421D711FC4754D00D781FC /* ActivityGraphViewController.m in Sources */,
				3D75B0651FC302E6003D3A5C /* AppDelegate.m in Sources */,
				3DE3A1F81FC33A98007FDBCA /* FacilityLocator.m in Sources */,
				3DAE42B11FC43008002EA8C1 /* AddActivity.m in Sources */,
				3D92E2751FC6DDBE00E63775 /* AddWeight.m in Sources */,
				3DAE42AA1FC42CAE002EA8C1 /* ActivityInfo.m in Sources */,
				3DF0C6801FC319D40066D6C5 /* RepCounter.m in Sources */,
				3DAE42A71FC42B0F002EA8C1 /* ActivityDataModel.m in Sources */,
				3D75B0621FC302E6003D3A5C /* main.m in Sources */,
			);
			runOnlyForDeploymentPostprocessing = 0;
		};
		3D75B0721FC302E6003D3A5C /* Sources */ = {
			isa = PBXSourcesBuildPhase;
			buildActionMask = 2147483647;
			files = (
				3D75B07B1FC302E6003D3A5C /* Fitness_TrackerTests.m in Sources */,
			);
			runOnlyForDeploymentPostprocessing = 0;
		};
		3D75B07D1FC302E6003D3A5C /* Sources */ = {
			isa = PBXSourcesBuildPhase;
			buildActionMask = 2147483647;
			files = (
				3D75B0861FC302E6003D3A5C /* Fitness_TrackerUITests.m in Sources */,
			);
			runOnlyForDeploymentPostprocessing = 0;
		};
/* End PBXSourcesBuildPhase section */

/* Begin PBXTargetDependency section */
		3D75B0781FC302E6003D3A5C /* PBXTargetDependency */ = {
			isa = PBXTargetDependency;
			target = 3D75B05C1FC302E6003D3A5C /* Fitness Tracker */;
			targetProxy = 3D75B0771FC302E6003D3A5C /* PBXContainerItemProxy */;
		};
		3D75B0831FC302E6003D3A5C /* PBXTargetDependency */ = {
			isa = PBXTargetDependency;
			target = 3D75B05C1FC302E6003D3A5C /* Fitness Tracker */;
			targetProxy = 3D75B0821FC302E6003D3A5C /* PBXContainerItemProxy */;
		};
/* End PBXTargetDependency section */

/* Begin PBXVariantGroup section */
		3D75B0691FC302E6003D3A5C /* Main.storyboard */ = {
			isa = PBXVariantGroup;
			children = (
				3D75B06A1FC302E6003D3A5C /* Base */,
			);
			name = Main.storyboard;
			sourceTree = "<group>";
		};
		3D75B06E1FC302E6003D3A5C /* LaunchScreen.storyboard */ = {
			isa = PBXVariantGroup;
			children = (
				3D75B06F1FC302E6003D3A5C /* Base */,
			);
			name = LaunchScreen.storyboard;
			sourceTree = "<group>";
		};
/* End PBXVariantGroup section */

/* Begin XCBuildConfiguration section */
		3D75B0881FC302E7003D3A5C /* Debug */ = {
			isa = XCBuildConfiguration;
			buildSettings = {
				ALWAYS_SEARCH_USER_PATHS = NO;
				CLANG_ANALYZER_NONNULL = YES;
				CLANG_CXX_LANGUAGE_STANDARD = "gnu++0x";
				CLANG_CXX_LIBRARY = "libc++";
				CLANG_ENABLE_MODULES = YES;
				CLANG_ENABLE_OBJC_ARC = YES;
				CLANG_WARN_BOOL_CONVERSION = YES;
				CLANG_WARN_CONSTANT_CONVERSION = YES;
				CLANG_WARN_DIRECT_OBJC_ISA_USAGE = YES_ERROR;
				CLANG_WARN_DOCUMENTATION_COMMENTS = YES;
				CLANG_WARN_EMPTY_BODY = YES;
				CLANG_WARN_ENUM_CONVERSION = YES;
				CLANG_WARN_INFINITE_RECURSION = YES;
				CLANG_WARN_INT_CONVERSION = YES;
				CLANG_WARN_OBJC_ROOT_CLASS = YES_ERROR;
				CLANG_WARN_SUSPICIOUS_MOVES = YES;
				CLANG_WARN_UNREACHABLE_CODE = YES;
				CLANG_WARN__DUPLICATE_METHOD_MATCH = YES;
				"CODE_SIGN_IDENTITY[sdk=iphoneos*]" = "iPhone Developer";
				COPY_PHASE_STRIP = NO;
				DEBUG_INFORMATION_FORMAT = dwarf;
				ENABLE_STRICT_OBJC_MSGSEND = YES;
				ENABLE_TESTABILITY = YES;
				GCC_C_LANGUAGE_STANDARD = gnu99;
				GCC_DYNAMIC_NO_PIC = NO;
				GCC_NO_COMMON_BLOCKS = YES;
				GCC_OPTIMIZATION_LEVEL = 0;
				GCC_PREPROCESSOR_DEFINITIONS = (
					"DEBUG=1",
					"$(inherited)",
				);
				GCC_WARN_64_TO_32_BIT_CONVERSION = YES;
				GCC_WARN_ABOUT_RETURN_TYPE = YES_ERROR;
				GCC_WARN_UNDECLARED_SELECTOR = YES;
				GCC_WARN_UNINITIALIZED_AUTOS = YES_AGGRESSIVE;
				GCC_WARN_UNUSED_FUNCTION = YES;
				GCC_WARN_UNUSED_VARIABLE = YES;
				IPHONEOS_DEPLOYMENT_TARGET = 10.0;
				MTL_ENABLE_DEBUG_INFO = YES;
				ONLY_ACTIVE_ARCH = YES;
				SDKROOT = iphoneos;
				TARGETED_DEVICE_FAMILY = "1,2";
			};
			name = Debug;
		};
		3D75B0891FC302E7003D3A5C /* Release */ = {
			isa = XCBuildConfiguration;
			buildSettings = {
				ALWAYS_SEARCH_USER_PATHS = NO;
				CLANG_ANALYZER_NONNULL = YES;
				CLANG_CXX_LANGUAGE_STANDARD = "gnu++0x";
				CLANG_CXX_LIBRARY = "libc++";
				CLANG_ENABLE_MODULES = YES;
				CLANG_ENABLE_OBJC_ARC = YES;
				CLANG_WARN_BOOL_CONVERSION = YES;
				CLANG_WARN_CONSTANT_CONVERSION = YES;
				CLANG_WARN_DIRECT_OBJC_ISA_USAGE = YES_ERROR;
				CLANG_WARN_DOCUMENTATION_COMMENTS = YES;
				CLANG_WARN_EMPTY_BODY = YES;
				CLANG_WARN_ENUM_CONVERSION = YES;
				CLANG_WARN_INFINITE_RECURSION = YES;
				CLANG_WARN_INT_CONVERSION = YES;
				CLANG_WARN_OBJC_ROOT_CLASS = YES_ERROR;
				CLANG_WARN_SUSPICIOUS_MOVES = YES;
				CLANG_WARN_UNREACHABLE_CODE = YES;
				CLANG_WARN__DUPLICATE_METHOD_MATCH = YES;
				"CODE_SIGN_IDENTITY[sdk=iphoneos*]" = "iPhone Developer";
				COPY_PHASE_STRIP = NO;
				DEBUG_INFORMATION_FORMAT = "dwarf-with-dsym";
				ENABLE_NS_ASSERTIONS = NO;
				ENABLE_STRICT_OBJC_MSGSEND = YES;
				GCC_C_LANGUAGE_STANDARD = gnu99;
				GCC_NO_COMMON_BLOCKS = YES;
				GCC_WARN_64_TO_32_BIT_CONVERSION = YES;
				GCC_WARN_ABOUT_RETURN_TYPE = YES_ERROR;
				GCC_WARN_UNDECLARED_SELECTOR = YES;
				GCC_WARN_UNINITIALIZED_AUTOS = YES_AGGRESSIVE;
				GCC_WARN_UNUSED_FUNCTION = YES;
				GCC_WARN_UNUSED_VARIABLE = YES;
				IPHONEOS_DEPLOYMENT_TARGET = 10.0;
				MTL_ENABLE_DEBUG_INFO = NO;
				SDKROOT = iphoneos;
				TARGETED_DEVICE_FAMILY = "1,2";
				VALIDATE_PRODUCT = YES;
			};
			name = Release;
		};
		3D75B08B1FC302E7003D3A5C /* Debug */ = {
			isa = XCBuildConfiguration;
			buildSettings = {
				ASSETCATALOG_COMPILER_APPICON_NAME = AppIcon;
				INFOPLIST_FILE = "Fitness Tracker/Info.plist";
				LD_RUNPATH_SEARCH_PATHS = "$(inherited) @executable_path/Frameworks";
				PRODUCT_BUNDLE_IDENTIFIER = "leeds.ac.uk.Fitness-Tracker";
				PRODUCT_NAME = "$(TARGET_NAME)";
			};
			name = Debug;
		};
		3D75B08C1FC302E7003D3A5C /* Release */ = {
			isa = XCBuildConfiguration;
			buildSettings = {
				ASSETCATALOG_COMPILER_APPICON_NAME = AppIcon;
				INFOPLIST_FILE = "Fitness Tracker/Info.plist";
				LD_RUNPATH_SEARCH_PATHS = "$(inherited) @executable_path/Frameworks";
				PRODUCT_BUNDLE_IDENTIFIER = "leeds.ac.uk.Fitness-Tracker";
				PRODUCT_NAME = "$(TARGET_NAME)";
			};
			name = Release;
		};
		3D75B08E1FC302E7003D3A5C /* Debug */ = {
			isa = XCBuildConfiguration;
			buildSettings = {
				BUNDLE_LOADER = "$(TEST_HOST)";
				INFOPLIST_FILE = "Fitness TrackerTests/Info.plist";
				LD_RUNPATH_SEARCH_PATHS = "$(inherited) @executable_path/Frameworks @loader_path/Frameworks";
				PRODUCT_BUNDLE_IDENTIFIER = "leeds.ac.uk.Fitness-TrackerTests";
				PRODUCT_NAME = "$(TARGET_NAME)";
				TEST_HOST = "$(BUILT_PRODUCTS_DIR)/Fitness Tracker.app/Fitness Tracker";
			};
			name = Debug;
		};
		3D75B08F1FC302E7003D3A5C /* Release */ = {
			isa = XCBuildConfiguration;
			buildSettings = {
				BUNDLE_LOADER = "$(TEST_HOST)";
				INFOPLIST_FILE = "Fitness TrackerTests/Info.plist";
				LD_RUNPATH_SEARCH_PATHS = "$(inherited) @executable_path/Frameworks @loader_path/Frameworks";
				PRODUCT_BUNDLE_IDENTIFIER = "leeds.ac.uk.Fitness-TrackerTests";
				PRODUCT_NAME = "$(TARGET_NAME)";
				TEST_HOST = "$(BUILT_PRODUCTS_DIR)/Fitness Tracker.app/Fitness Tracker";
			};
			name = Release;
		};
		3D75B0911FC302E7003D3A5C /* Debug */ = {
			isa = XCBuildConfiguration;
			buildSettings = {
				INFOPLIST_FILE = "Fitness TrackerUITests/Info.plist";
				LD_RUNPATH_SEARCH_PATHS = "$(inherited) @executable_path/Frameworks @loader_path/Frameworks";
				PRODUCT_BUNDLE_IDENTIFIER = "leeds.ac.uk.Fitness-TrackerUITests";
				PRODUCT_NAME = "$(TARGET_NAME)";
				TEST_TARGET_NAME = "Fitness Tracker";
			};
			name = Debug;
		};
		3D75B0921FC302E7003D3A5C /* Release */ = {
			isa = XCBuildConfiguration;
			buildSettings = {
				INFOPLIST_FILE = "Fitness TrackerUITests/Info.plist";
				LD_RUNPATH_SEARCH_PATHS = "$(inherited) @executable_path/Frameworks @loader_path/Frameworks";
				PRODUCT_BUNDLE_IDENTIFIER = "leeds.ac.uk.Fitness-TrackerUITests";
				PRODUCT_NAME = "$(TARGET_NAME)";
				TEST_TARGET_NAME = "Fitness Tracker";
			};
			name = Release;
		};
/* End XCBuildConfiguration section */

/* Begin XCConfigurationList section */
		3D75B0581FC302E6003D3A5C /* Build configuration list for PBXProject "Fitness Tracker" */ = {
			isa = XCConfigurationList;
			buildConfigurations = (
				3D75B0881FC302E7003D3A5C /* Debug */,
				3D75B0891FC302E7003D3A5C /* Release */,
			);
			defaultConfigurationIsVisible = 0;
			defaultConfigurationName = Release;
		};
		3D75B08A1FC302E7003D3A5C /* Build configuration list for PBXNativeTarget "Fitness Tracker" */ = {
			isa = XCConfigurationList;
			buildConfigurations = (
				3D75B08B1FC302E7003D3A5C /* Debug */,
				3D75B08C1FC302E7003D3A5C /* Release */,
			);
			defaultConfigurationIsVisible = 0;
			defaultConfigurationName = Release;
		};
		3D75B08D1FC302E7003D3A5C /* Build configuration list for PBXNativeTarget "Fitness TrackerTests" */ = {
			isa = XCConfigurationList;
			buildConfigurations = (
				3D75B08E1FC302E7003D3A5C /* Debug */,
				3D75B08F1FC302E7003D3A5C /* Release */,
			);
			defaultConfigurationIsVisible = 0;
			defaultConfigurationName = Release;
		};
		3D75B0901FC302E7003D3A5C /* Build configuration list for PBXNativeTarget "Fitness TrackerUITests" */ = {
			isa = XCConfigurationList;
			buildConfigurations = (
				3D75B0911FC302E7003D3A5C /* Debug */,
				3D75B0921FC302E7003D3A5C /* Release */,
			);
			defaultConfigurationIsVisible = 0;
			defaultConfigurationName = Release;
		};
/* End XCConfigurationList section */
	};
	rootObject = 3D75B0551FC302E6003D3A5C /* Project object */;
}
